// !$*UTF8*$!
{
	archiveVersion = 1;
	classes = {
	};
	objectVersion = 46;
	objects = {

/* Begin PBXBuildFile section */
		36957F87B78A29F699B34D57 /* Pods_Babi.framework in Frameworks */ = {isa = PBXBuildFile; fileRef = E8748867E8B6C7532A1D9A3F /* Pods_Babi.framework */; };
		B2EF84787E0C29E0CC7772FD /* Pods_BabiTests.framework in Frameworks */ = {isa = PBXBuildFile; fileRef = 457DCD2A31374287A039CFD6 /* Pods_BabiTests.framework */; };
		E40B2C4C1ADD8DA000F81D58 /* kob_navBar_normal.jpeg in Resources */ = {isa = PBXBuildFile; fileRef = E40B2C4A1ADD8DA000F81D58 /* kob_navBar_normal.jpeg */; };
		E40B2C4D1ADD8DA000F81D58 /* kobi_navBar_Blured.png in Resources */ = {isa = PBXBuildFile; fileRef = E40B2C4B1ADD8DA000F81D58 /* kobi_navBar_Blured.png */; };
		E41790721ADE96B5002E68D1 /* BabiCallCenter.swift in Sources */ = {isa = PBXBuildFile; fileRef = E41790711ADE96B5002E68D1 /* BabiCallCenter.swift */; };
		E41BE7ED1AD3D5B000AD7531 /* LocationNotifications.swift in Sources */ = {isa = PBXBuildFile; fileRef = E41BE7EC1AD3D5B000AD7531 /* LocationNotifications.swift */; };
		E41BE7EF1AD66A4100AD7531 /* PhoneDialer.swift in Sources */ = {isa = PBXBuildFile; fileRef = E41BE7EE1AD66A4100AD7531 /* PhoneDialer.swift */; };
		E42F023B1AE57098001F9FE1 /* target12.png in Resources */ = {isa = PBXBuildFile; fileRef = E42F023A1AE57098001F9FE1 /* target12.png */; };
		E42F023D1AE573DA001F9FE1 /* target12(1).png in Resources */ = {isa = PBXBuildFile; fileRef = E42F023C1AE573DA001F9FE1 /* target12(1).png */; };
		E4375B4C1AC6875400A3D669 /* Gate.swift in Sources */ = {isa = PBXBuildFile; fileRef = E4375B4B1AC6875400A3D669 /* Gate.swift */; };
		E4375B4E1AC6CCEC00A3D669 /* GatesTableViewController.swift in Sources */ = {isa = PBXBuildFile; fileRef = E4375B4D1AC6CCEC00A3D669 /* GatesTableViewController.swift */; };
		E4375B501AC6CD5300A3D669 /* GatesTVCell.swift in Sources */ = {isa = PBXBuildFile; fileRef = E4375B4F1AC6CD5300A3D669 /* GatesTVCell.swift */; };
		E4375B521AC6D6A000A3D669 /* Model.swift in Sources */ = {isa = PBXBuildFile; fileRef = E4375B511AC6D6A000A3D669 /* Model.swift */; };
		E4375B541ACA756100A3D669 /* GateEditorVC.swift in Sources */ = {isa = PBXBuildFile; fileRef = E4375B531ACA756100A3D669 /* GateEditorVC.swift */; };
		E4375B561ACA770200A3D669 /* GateEditorTVCHeaderView.xib in Resources */ = {isa = PBXBuildFile; fileRef = E4375B551ACA770200A3D669 /* GateEditorTVCHeaderView.xib */; };
		E4375B581ACA7A0300A3D669 /* GateEditorTVCHeaderView.swift in Sources */ = {isa = PBXBuildFile; fileRef = E4375B571ACA7A0300A3D669 /* GateEditorTVCHeaderView.swift */; };
		E4375B5A1ACA82FA00A3D669 /* UIView+Extensions.swift in Sources */ = {isa = PBXBuildFile; fileRef = E4375B591ACA82FA00A3D669 /* UIView+Extensions.swift */; };
		E44B6E4F1E7C931B00D953D6 /* Contents.json in Resources */ = {isa = PBXBuildFile; fileRef = E44B6E4B1E7C931B00D953D6 /* Contents.json */; };
		E44B6E501E7C931B00D953D6 /* ic_call_36pt.png in Resources */ = {isa = PBXBuildFile; fileRef = E44B6E4C1E7C931B00D953D6 /* ic_call_36pt.png */; };
		E44B6E511E7C931B00D953D6 /* ic_call_36pt_2x.png in Resources */ = {isa = PBXBuildFile; fileRef = E44B6E4D1E7C931B00D953D6 /* ic_call_36pt_2x.png */; };
		E44B6E521E7C931B00D953D6 /* ic_call_36pt_3x.png in Resources */ = {isa = PBXBuildFile; fileRef = E44B6E4E1E7C931B00D953D6 /* ic_call_36pt_3x.png */; };
		E44B6E581E7C94B900D953D6 /* Contents.json in Resources */ = {isa = PBXBuildFile; fileRef = E44B6E541E7C94B900D953D6 /* Contents.json */; };
		E44B6E591E7C94B900D953D6 /* ic_phone.png in Resources */ = {isa = PBXBuildFile; fileRef = E44B6E551E7C94B900D953D6 /* ic_phone.png */; };
		E44B6E5A1E7C94B900D953D6 /* ic_phone_2x.png in Resources */ = {isa = PBXBuildFile; fileRef = E44B6E561E7C94B900D953D6 /* ic_phone_2x.png */; };
		E44B6E5B1E7C94B900D953D6 /* ic_phone_3x.png in Resources */ = {isa = PBXBuildFile; fileRef = E44B6E571E7C94B900D953D6 /* ic_phone_3x.png */; };
		E453B39F1AC6862C00707BA8 /* AppDelegate.swift in Sources */ = {isa = PBXBuildFile; fileRef = E453B39E1AC6862C00707BA8 /* AppDelegate.swift */; };
		E453B3A21AC6862C00707BA8 /* Babi.xcdatamodeld in Sources */ = {isa = PBXBuildFile; fileRef = E453B3A01AC6862C00707BA8 /* Babi.xcdatamodeld */; };
		E453B3A41AC6862C00707BA8 /* MainContainerController.swift in Sources */ = {isa = PBXBuildFile; fileRef = E453B3A31AC6862C00707BA8 /* MainContainerController.swift */; };
		E453B3A71AC6862C00707BA8 /* Main.storyboard in Resources */ = {isa = PBXBuildFile; fileRef = E453B3A51AC6862C00707BA8 /* Main.storyboard */; };
		E453B3A91AC6862C00707BA8 /* Images.xcassets in Resources */ = {isa = PBXBuildFile; fileRef = E453B3A81AC6862C00707BA8 /* Images.xcassets */; };
		E453B3AC1AC6862C00707BA8 /* LaunchScreen.xib in Resources */ = {isa = PBXBuildFile; fileRef = E453B3AA1AC6862C00707BA8 /* LaunchScreen.xib */; };
		E453B3B81AC6862C00707BA8 /* BabiTests.swift in Sources */ = {isa = PBXBuildFile; fileRef = E453B3B71AC6862C00707BA8 /* BabiTests.swift */; };
		E45F6C8A1AD71EAC00596A12 /* GateEditorDistanceCell.swift in Sources */ = {isa = PBXBuildFile; fileRef = E45F6C891AD71EAC00596A12 /* GateEditorDistanceCell.swift */; };
		E45F6C961AD8527300596A12 /* babi_gateEditorHeaderBackground.001.png in Resources */ = {isa = PBXBuildFile; fileRef = E45F6C951AD8527300596A12 /* babi_gateEditorHeaderBackground.001.png */; };
		E473E3CC1ACBC09C0098D77A /* gateEditorTextFieldCell.swift in Sources */ = {isa = PBXBuildFile; fileRef = E473E3CB1ACBC09C0098D77A /* gateEditorTextFieldCell.swift */; };
		E473E3CE1ACBEA280098D77A /* GateEditorLocationCell.swift in Sources */ = {isa = PBXBuildFile; fileRef = E473E3CD1ACBEA280098D77A /* GateEditorLocationCell.swift */; };
		E473E3D01ACEBEDA0098D77A /* MapViewVC.swift in Sources */ = {isa = PBXBuildFile; fileRef = E473E3CF1ACEBEDA0098D77A /* MapViewVC.swift */; };
		E473E3D21ACFD2190098D77A /* GateEditorAutomaticCell.swift in Sources */ = {isa = PBXBuildFile; fileRef = E473E3D11ACFD2190098D77A /* GateEditorAutomaticCell.swift */; };
		E474E7DE1D44773F00BFD411 /* RemoteNotificationsController.swift in Sources */ = {isa = PBXBuildFile; fileRef = E474E7DD1D44773F00BFD411 /* RemoteNotificationsController.swift */; };
		E48A9BD41AE016C000CB3EB9 /* address20.png in Resources */ = {isa = PBXBuildFile; fileRef = E48A9BD31AE016C000CB3EB9 /* address20.png */; };
		E48A9BD61AE016D100CB3EB9 /* tick10.png in Resources */ = {isa = PBXBuildFile; fileRef = E48A9BD51AE016D100CB3EB9 /* tick10.png */; };
		E48A9BD81AE016E100CB3EB9 /* garbage11.png in Resources */ = {isa = PBXBuildFile; fileRef = E48A9BD71AE016E100CB3EB9 /* garbage11.png */; };
		E48A9BDC1AE01C0100CB3EB9 /* pen.png in Resources */ = {isa = PBXBuildFile; fileRef = E48A9BDB1AE01C0100CB3EB9 /* pen.png */; };
		E48A9BDE1AE01C7000CB3EB9 /* facebook30.png in Resources */ = {isa = PBXBuildFile; fileRef = E48A9BDD1AE01C7000CB3EB9 /* facebook30.png */; };
		E48A9BE01AE0397700CB3EB9 /* direction51.png in Resources */ = {isa = PBXBuildFile; fileRef = E48A9BDF1AE0397700CB3EB9 /* direction51.png */; };
		E48A9BE21AE1626400CB3EB9 /* left_co_circle.png in Resources */ = {isa = PBXBuildFile; fileRef = E48A9BE11AE1626400CB3EB9 /* left_co_circle.png */; };
		E48A9BE41AE297B100CB3EB9 /* shut-down.png in Resources */ = {isa = PBXBuildFile; fileRef = E48A9BE31AE297B100CB3EB9 /* shut-down.png */; };
		E48A9BE61AE4110C00CB3EB9 /* BabiUsageUpdater.swift in Sources */ = {isa = PBXBuildFile; fileRef = E48A9BE51AE4110C00CB3EB9 /* BabiUsageUpdater.swift */; };
		E49033231E7BC255001F9C75 /* Contents.json in Resources */ = {isa = PBXBuildFile; fileRef = E490331F1E7BC255001F9C75 /* Contents.json */; };
		E49033241E7BC255001F9C75 /* ic_edit.png in Resources */ = {isa = PBXBuildFile; fileRef = E49033201E7BC255001F9C75 /* ic_edit.png */; };
		E49033251E7BC255001F9C75 /* ic_edit_2x.png in Resources */ = {isa = PBXBuildFile; fileRef = E49033211E7BC255001F9C75 /* ic_edit_2x.png */; };
		E49033261E7BC255001F9C75 /* ic_edit_3x.png in Resources */ = {isa = PBXBuildFile; fileRef = E49033221E7BC255001F9C75 /* ic_edit_3x.png */; };
		E490332C1E7BC26F001F9C75 /* Contents.json in Resources */ = {isa = PBXBuildFile; fileRef = E49033281E7BC26F001F9C75 /* Contents.json */; };
		E490332D1E7BC26F001F9C75 /* ic_mode_edit.png in Resources */ = {isa = PBXBuildFile; fileRef = E49033291E7BC26F001F9C75 /* ic_mode_edit.png */; };
		E490332E1E7BC26F001F9C75 /* ic_mode_edit_2x.png in Resources */ = {isa = PBXBuildFile; fileRef = E490332A1E7BC26F001F9C75 /* ic_mode_edit_2x.png */; };
		E490332F1E7BC26F001F9C75 /* ic_mode_edit_3x.png in Resources */ = {isa = PBXBuildFile; fileRef = E490332B1E7BC26F001F9C75 /* ic_mode_edit_3x.png */; };
		E49033351E7BC285001F9C75 /* Contents.json in Resources */ = {isa = PBXBuildFile; fileRef = E49033311E7BC285001F9C75 /* Contents.json */; };
		E49033361E7BC285001F9C75 /* ic_power_settings_new.png in Resources */ = {isa = PBXBuildFile; fileRef = E49033321E7BC285001F9C75 /* ic_power_settings_new.png */; };
		E49033371E7BC285001F9C75 /* ic_power_settings_new_2x.png in Resources */ = {isa = PBXBuildFile; fileRef = E49033331E7BC285001F9C75 /* ic_power_settings_new_2x.png */; };
		E49033381E7BC285001F9C75 /* ic_power_settings_new_3x.png in Resources */ = {isa = PBXBuildFile; fileRef = E49033341E7BC285001F9C75 /* ic_power_settings_new_3x.png */; };
		E490333E1E7BC2A0001F9C75 /* Contents.json in Resources */ = {isa = PBXBuildFile; fileRef = E490333A1E7BC2A0001F9C75 /* Contents.json */; };
		E490333F1E7BC2A0001F9C75 /* ic_undo.png in Resources */ = {isa = PBXBuildFile; fileRef = E490333B1E7BC2A0001F9C75 /* ic_undo.png */; };
		E49033401E7BC2A0001F9C75 /* ic_undo_2x.png in Resources */ = {isa = PBXBuildFile; fileRef = E490333C1E7BC2A0001F9C75 /* ic_undo_2x.png */; };
		E49033411E7BC2A0001F9C75 /* ic_undo_3x.png in Resources */ = {isa = PBXBuildFile; fileRef = E490333D1E7BC2A0001F9C75 /* ic_undo_3x.png */; };
		E49033471E7BC343001F9C75 /* Contents.json in Resources */ = {isa = PBXBuildFile; fileRef = E49033431E7BC343001F9C75 /* Contents.json */; };
		E49033481E7BC343001F9C75 /* ic_add.png in Resources */ = {isa = PBXBuildFile; fileRef = E49033441E7BC343001F9C75 /* ic_add.png */; };
		E49033491E7BC343001F9C75 /* ic_add_2x.png in Resources */ = {isa = PBXBuildFile; fileRef = E49033451E7BC343001F9C75 /* ic_add_2x.png */; };
		E490334A1E7BC343001F9C75 /* ic_add_3x.png in Resources */ = {isa = PBXBuildFile; fileRef = E49033461E7BC343001F9C75 /* ic_add_3x.png */; };
		E49033501E7BCA65001F9C75 /* Contents.json in Resources */ = {isa = PBXBuildFile; fileRef = E490334C1E7BCA65001F9C75 /* Contents.json */; };
		E49033511E7BCA65001F9C75 /* ic_chevron_left.png in Resources */ = {isa = PBXBuildFile; fileRef = E490334D1E7BCA65001F9C75 /* ic_chevron_left.png */; };
		E49033521E7BCA65001F9C75 /* ic_chevron_left_2x.png in Resources */ = {isa = PBXBuildFile; fileRef = E490334E1E7BCA65001F9C75 /* ic_chevron_left_2x.png */; };
		E49033531E7BCA65001F9C75 /* ic_chevron_left_3x.png in Resources */ = {isa = PBXBuildFile; fileRef = E490334F1E7BCA65001F9C75 /* ic_chevron_left_3x.png */; };
		E49033591E7BCA7B001F9C75 /* Contents.json in Resources */ = {isa = PBXBuildFile; fileRef = E49033551E7BCA7B001F9C75 /* Contents.json */; };
		E490335A1E7BCA7B001F9C75 /* ic_expand_more.png in Resources */ = {isa = PBXBuildFile; fileRef = E49033561E7BCA7B001F9C75 /* ic_expand_more.png */; };
		E490335B1E7BCA7B001F9C75 /* ic_expand_more_2x.png in Resources */ = {isa = PBXBuildFile; fileRef = E49033571E7BCA7B001F9C75 /* ic_expand_more_2x.png */; };
		E490335C1E7BCA7B001F9C75 /* ic_expand_more_3x.png in Resources */ = {isa = PBXBuildFile; fileRef = E49033581E7BCA7B001F9C75 /* ic_expand_more_3x.png */; };
		E49033621E7C0664001F9C75 /* Contents.json in Resources */ = {isa = PBXBuildFile; fileRef = E490335E1E7C0664001F9C75 /* Contents.json */; };
		E49033631E7C0664001F9C75 /* ic_near_me.png in Resources */ = {isa = PBXBuildFile; fileRef = E490335F1E7C0664001F9C75 /* ic_near_me.png */; };
		E49033641E7C0664001F9C75 /* ic_near_me_2x.png in Resources */ = {isa = PBXBuildFile; fileRef = E49033601E7C0664001F9C75 /* ic_near_me_2x.png */; };
		E49033651E7C0664001F9C75 /* ic_near_me_3x.png in Resources */ = {isa = PBXBuildFile; fileRef = E49033611E7C0664001F9C75 /* ic_near_me_3x.png */; };
		E490336B1E7C07AB001F9C75 /* Contents.json in Resources */ = {isa = PBXBuildFile; fileRef = E49033671E7C07AB001F9C75 /* Contents.json */; };
		E490336C1E7C07AB001F9C75 /* ic_my_location_36pt.png in Resources */ = {isa = PBXBuildFile; fileRef = E49033681E7C07AB001F9C75 /* ic_my_location_36pt.png */; };
		E490336D1E7C07AB001F9C75 /* ic_my_location_36pt_2x.png in Resources */ = {isa = PBXBuildFile; fileRef = E49033691E7C07AB001F9C75 /* ic_my_location_36pt_2x.png */; };
		E490336E1E7C07AB001F9C75 /* ic_my_location_36pt_3x.png in Resources */ = {isa = PBXBuildFile; fileRef = E490336A1E7C07AB001F9C75 /* ic_my_location_36pt_3x.png */; };
		E49033741E7C0D5B001F9C75 /* Contents.json in Resources */ = {isa = PBXBuildFile; fileRef = E49033701E7C0D5B001F9C75 /* Contents.json */; };
		E49033751E7C0D5B001F9C75 /* ic_settings_36pt.png in Resources */ = {isa = PBXBuildFile; fileRef = E49033711E7C0D5B001F9C75 /* ic_settings_36pt.png */; };
		E49033761E7C0D5B001F9C75 /* ic_settings_36pt_2x.png in Resources */ = {isa = PBXBuildFile; fileRef = E49033721E7C0D5B001F9C75 /* ic_settings_36pt_2x.png */; };
		E49033771E7C0D5B001F9C75 /* ic_settings_36pt_3x.png in Resources */ = {isa = PBXBuildFile; fileRef = E49033731E7C0D5B001F9C75 /* ic_settings_36pt_3x.png */; };
		E4981C941ADD953E00F778F5 /* gateEditorHeaderImage.001.png in Resources */ = {isa = PBXBuildFile; fileRef = E4981C931ADD953E00F778F5 /* gateEditorHeaderImage.001.png */; };
		E4981C961ADD98B900F778F5 /* gateEditorHeaderView2.001.png in Resources */ = {isa = PBXBuildFile; fileRef = E4981C951ADD98B900F778F5 /* gateEditorHeaderView2.001.png */; };
		E4981C9A1ADD9AEF00F778F5 /* plus32.png in Resources */ = {isa = PBXBuildFile; fileRef = E4981C981ADD9AEF00F778F5 /* plus32.png */; };
		E4981C9C1ADD9B7900F778F5 /* leftarrow17.png in Resources */ = {isa = PBXBuildFile; fileRef = E4981C9B1ADD9B7900F778F5 /* leftarrow17.png */; };
		E4981C9E1ADD9C3400F778F5 /* return13.png in Resources */ = {isa = PBXBuildFile; fileRef = E4981C9D1ADD9C3400F778F5 /* return13.png */; };
		E4981CA31ADDB70700F778F5 /* gateEditorFenceImage.001.png in Resources */ = {isa = PBXBuildFile; fileRef = E4981CA21ADDB70700F778F5 /* gateEditorFenceImage.001.png */; };
		E4981CA51ADDB76000F778F5 /* GateEditorFenceHeaderVIew.xib in Resources */ = {isa = PBXBuildFile; fileRef = E4981CA41ADDB76000F778F5 /* GateEditorFenceHeaderVIew.xib */; };
		E4DDBB571E7BB1490053F89D /* Contents.json in Resources */ = {isa = PBXBuildFile; fileRef = E4DDBB531E7BB1490053F89D /* Contents.json */; };
		E4DDBB581E7BB1490053F89D /* ic_import_contacts.png in Resources */ = {isa = PBXBuildFile; fileRef = E4DDBB541E7BB1490053F89D /* ic_import_contacts.png */; };
		E4DDBB591E7BB1490053F89D /* ic_import_contacts_2x.png in Resources */ = {isa = PBXBuildFile; fileRef = E4DDBB551E7BB1490053F89D /* ic_import_contacts_2x.png */; };
		E4DDBB5A1E7BB1490053F89D /* ic_import_contacts_3x.png in Resources */ = {isa = PBXBuildFile; fileRef = E4DDBB561E7BB1490053F89D /* ic_import_contacts_3x.png */; };
		E4DDBB601E7BB36C0053F89D /* Contents.json in Resources */ = {isa = PBXBuildFile; fileRef = E4DDBB5C1E7BB36C0053F89D /* Contents.json */; };
		E4DDBB611E7BB36C0053F89D /* ic_delete.png in Resources */ = {isa = PBXBuildFile; fileRef = E4DDBB5D1E7BB36C0053F89D /* ic_delete.png */; };
		E4DDBB621E7BB36C0053F89D /* ic_delete_2x.png in Resources */ = {isa = PBXBuildFile; fileRef = E4DDBB5E1E7BB36C0053F89D /* ic_delete_2x.png */; };
		E4DDBB631E7BB36C0053F89D /* ic_delete_3x.png in Resources */ = {isa = PBXBuildFile; fileRef = E4DDBB5F1E7BB36C0053F89D /* ic_delete_3x.png */; };
		E4DDBB691E7BB3E90053F89D /* Contents.json in Resources */ = {isa = PBXBuildFile; fileRef = E4DDBB651E7BB3E90053F89D /* Contents.json */; };
		E4DDBB6A1E7BB3E90053F89D /* ic_done.png in Resources */ = {isa = PBXBuildFile; fileRef = E4DDBB661E7BB3E90053F89D /* ic_done.png */; };
		E4DDBB6B1E7BB3E90053F89D /* ic_done_2x.png in Resources */ = {isa = PBXBuildFile; fileRef = E4DDBB671E7BB3E90053F89D /* ic_done_2x.png */; };
		E4DDBB6C1E7BB3E90053F89D /* ic_done_3x.png in Resources */ = {isa = PBXBuildFile; fileRef = E4DDBB681E7BB3E90053F89D /* ic_done_3x.png */; };
		E4E2E24C1ADCE488006BD949 /* FreeSans.ttf in Resources */ = {isa = PBXBuildFile; fileRef = E4E2E24B1ADCE1F6006BD949 /* FreeSans.ttf */; };
		E4E2E24D1ADCE48C006BD949 /* shuneet_12_classic_v21.OTF in Resources */ = {isa = PBXBuildFile; fileRef = E4E2E2471ADCDDB3006BD949 /* shuneet_12_classic_v21.OTF */; };
		E4E2E24E1ADCE490006BD949 /* shuneet_10_oblique_v21.OTF in Resources */ = {isa = PBXBuildFile; fileRef = E4E2E24A1ADCE0BF006BD949 /* shuneet_10_oblique_v21.OTF */; };
		E4E2E2501ADCE74D006BD949 /* koby_background_cell.jpeg in Resources */ = {isa = PBXBuildFile; fileRef = E4E2E24F1ADCE74D006BD949 /* koby_background_cell.jpeg */; };
		E4E2E2521ADD051B006BD949 /* NoGatesVC.swift in Sources */ = {isa = PBXBuildFile; fileRef = E4E2E2511ADD051B006BD949 /* NoGatesVC.swift */; };
		E4E2E2541ADD07BB006BD949 /* kobi_full.jpg in Resources */ = {isa = PBXBuildFile; fileRef = E4E2E2531ADD07BB006BD949 /* kobi_full.jpg */; };
		E4F1A8631ADBBA9200973C51 /* koby_header2.jpeg in Resources */ = {isa = PBXBuildFile; fileRef = E4F1A8621ADBBA9200973C51 /* koby_header2.jpeg */; };
		E4F1A8651ADBBC1D00973C51 /* GateEditorTableMainHeader.swift in Sources */ = {isa = PBXBuildFile; fileRef = E4F1A8641ADBBC1D00973C51 /* GateEditorTableMainHeader.swift */; };
		E4F1A8671ADC517600973C51 /* babiMainTVCellImageSkecthGray.001.png in Resources */ = {isa = PBXBuildFile; fileRef = E4F1A8661ADC517600973C51 /* babiMainTVCellImageSkecthGray.001.png */; };
/* End PBXBuildFile section */

/* Begin PBXContainerItemProxy section */
		E453B3B21AC6862C00707BA8 /* PBXContainerItemProxy */ = {
			isa = PBXContainerItemProxy;
			containerPortal = E453B3911AC6862C00707BA8 /* Project object */;
			proxyType = 1;
			remoteGlobalIDString = E453B3981AC6862C00707BA8;
			remoteInfo = Babi;
		};
/* End PBXContainerItemProxy section */

/* Begin PBXFileReference section */
		120FAEE139B3FF8193AA815C /* Pods-BabiTests.debug.xcconfig */ = {isa = PBXFileReference; includeInIndex = 1; lastKnownFileType = text.xcconfig; name = "Pods-BabiTests.debug.xcconfig"; path = "Pods/Target Support Files/Pods-BabiTests/Pods-BabiTests.debug.xcconfig"; sourceTree = "<group>"; };
		2A8CE88AC2594E7530DC7836 /* Pods-BabiTests.release.xcconfig */ = {isa = PBXFileReference; includeInIndex = 1; lastKnownFileType = text.xcconfig; name = "Pods-BabiTests.release.xcconfig"; path = "Pods/Target Support Files/Pods-BabiTests/Pods-BabiTests.release.xcconfig"; sourceTree = "<group>"; };
		2DC39A6516AEF42C96940C03 /* Pods-Babi.release.xcconfig */ = {isa = PBXFileReference; includeInIndex = 1; lastKnownFileType = text.xcconfig; name = "Pods-Babi.release.xcconfig"; path = "Pods/Target Support Files/Pods-Babi/Pods-Babi.release.xcconfig"; sourceTree = "<group>"; };
		457DCD2A31374287A039CFD6 /* Pods_BabiTests.framework */ = {isa = PBXFileReference; explicitFileType = wrapper.framework; includeInIndex = 0; path = Pods_BabiTests.framework; sourceTree = BUILT_PRODUCTS_DIR; };
		4C5A861606F8B9B638665F83 /* Pods-Babi.debug.xcconfig */ = {isa = PBXFileReference; includeInIndex = 1; lastKnownFileType = text.xcconfig; name = "Pods-Babi.debug.xcconfig"; path = "Pods/Target Support Files/Pods-Babi/Pods-Babi.debug.xcconfig"; sourceTree = "<group>"; };
		E40B2C4A1ADD8DA000F81D58 /* kob_navBar_normal.jpeg */ = {isa = PBXFileReference; lastKnownFileType = image.jpeg; path = kob_navBar_normal.jpeg; sourceTree = "<group>"; };
		E40B2C4B1ADD8DA000F81D58 /* kobi_navBar_Blured.png */ = {isa = PBXFileReference; lastKnownFileType = image.png; path = kobi_navBar_Blured.png; sourceTree = "<group>"; };
		E41790711ADE96B5002E68D1 /* BabiCallCenter.swift */ = {isa = PBXFileReference; fileEncoding = 4; lastKnownFileType = sourcecode.swift; path = BabiCallCenter.swift; sourceTree = "<group>"; };
		E41BE7EC1AD3D5B000AD7531 /* LocationNotifications.swift */ = {isa = PBXFileReference; fileEncoding = 4; lastKnownFileType = sourcecode.swift; path = LocationNotifications.swift; sourceTree = "<group>"; };
		E41BE7EE1AD66A4100AD7531 /* PhoneDialer.swift */ = {isa = PBXFileReference; fileEncoding = 4; lastKnownFileType = sourcecode.swift; path = PhoneDialer.swift; sourceTree = "<group>"; };
		E42F023A1AE57098001F9FE1 /* target12.png */ = {isa = PBXFileReference; lastKnownFileType = image.png; path = target12.png; sourceTree = "<group>"; };
		E42F023C1AE573DA001F9FE1 /* target12(1).png */ = {isa = PBXFileReference; lastKnownFileType = image.png; path = "target12(1).png"; sourceTree = "<group>"; };
		E4375B4B1AC6875400A3D669 /* Gate.swift */ = {isa = PBXFileReference; fileEncoding = 4; lastKnownFileType = sourcecode.swift; path = Gate.swift; sourceTree = "<group>"; };
		E4375B4D1AC6CCEC00A3D669 /* GatesTableViewController.swift */ = {isa = PBXFileReference; fileEncoding = 4; lastKnownFileType = sourcecode.swift; path = GatesTableViewController.swift; sourceTree = "<group>"; };
		E4375B4F1AC6CD5300A3D669 /* GatesTVCell.swift */ = {isa = PBXFileReference; fileEncoding = 4; lastKnownFileType = sourcecode.swift; path = GatesTVCell.swift; sourceTree = "<group>"; };
		E4375B511AC6D6A000A3D669 /* Model.swift */ = {isa = PBXFileReference; fileEncoding = 4; lastKnownFileType = sourcecode.swift; path = Model.swift; sourceTree = "<group>"; };
		E4375B531ACA756100A3D669 /* GateEditorVC.swift */ = {isa = PBXFileReference; fileEncoding = 4; lastKnownFileType = sourcecode.swift; path = GateEditorVC.swift; sourceTree = "<group>"; };
		E4375B551ACA770200A3D669 /* GateEditorTVCHeaderView.xib */ = {isa = PBXFileReference; fileEncoding = 4; lastKnownFileType = file.xib; path = GateEditorTVCHeaderView.xib; sourceTree = "<group>"; };
		E4375B571ACA7A0300A3D669 /* GateEditorTVCHeaderView.swift */ = {isa = PBXFileReference; fileEncoding = 4; lastKnownFileType = sourcecode.swift; path = GateEditorTVCHeaderView.swift; sourceTree = "<group>"; };
		E4375B591ACA82FA00A3D669 /* UIView+Extensions.swift */ = {isa = PBXFileReference; fileEncoding = 4; lastKnownFileType = sourcecode.swift; path = "UIView+Extensions.swift"; sourceTree = "<group>"; };
		E44B6E4B1E7C931B00D953D6 /* Contents.json */ = {isa = PBXFileReference; fileEncoding = 4; lastKnownFileType = text.json; path = Contents.json; sourceTree = "<group>"; };
		E44B6E4C1E7C931B00D953D6 /* ic_call_36pt.png */ = {isa = PBXFileReference; lastKnownFileType = image.png; path = ic_call_36pt.png; sourceTree = "<group>"; };
		E44B6E4D1E7C931B00D953D6 /* ic_call_36pt_2x.png */ = {isa = PBXFileReference; lastKnownFileType = image.png; path = ic_call_36pt_2x.png; sourceTree = "<group>"; };
		E44B6E4E1E7C931B00D953D6 /* ic_call_36pt_3x.png */ = {isa = PBXFileReference; lastKnownFileType = image.png; path = ic_call_36pt_3x.png; sourceTree = "<group>"; };
		E44B6E541E7C94B900D953D6 /* Contents.json */ = {isa = PBXFileReference; fileEncoding = 4; lastKnownFileType = text.json; path = Contents.json; sourceTree = "<group>"; };
		E44B6E551E7C94B900D953D6 /* ic_phone.png */ = {isa = PBXFileReference; lastKnownFileType = image.png; path = ic_phone.png; sourceTree = "<group>"; };
		E44B6E561E7C94B900D953D6 /* ic_phone_2x.png */ = {isa = PBXFileReference; lastKnownFileType = image.png; path = ic_phone_2x.png; sourceTree = "<group>"; };
		E44B6E571E7C94B900D953D6 /* ic_phone_3x.png */ = {isa = PBXFileReference; lastKnownFileType = image.png; path = ic_phone_3x.png; sourceTree = "<group>"; };
		E453B3991AC6862C00707BA8 /* Babi.app */ = {isa = PBXFileReference; explicitFileType = wrapper.application; includeInIndex = 0; path = Babi.app; sourceTree = BUILT_PRODUCTS_DIR; };
		E453B39D1AC6862C00707BA8 /* Info.plist */ = {isa = PBXFileReference; lastKnownFileType = text.plist.xml; path = Info.plist; sourceTree = "<group>"; };
		E453B39E1AC6862C00707BA8 /* AppDelegate.swift */ = {isa = PBXFileReference; lastKnownFileType = sourcecode.swift; path = AppDelegate.swift; sourceTree = "<group>"; };
		E453B3A11AC6862C00707BA8 /* Babi.xcdatamodel */ = {isa = PBXFileReference; lastKnownFileType = wrapper.xcdatamodel; path = Babi.xcdatamodel; sourceTree = "<group>"; };
		E453B3A31AC6862C00707BA8 /* MainContainerController.swift */ = {isa = PBXFileReference; lastKnownFileType = sourcecode.swift; path = MainContainerController.swift; sourceTree = "<group>"; };
		E453B3A61AC6862C00707BA8 /* Base */ = {isa = PBXFileReference; lastKnownFileType = file.storyboard; name = Base; path = Base.lproj/Main.storyboard; sourceTree = "<group>"; };
		E453B3A81AC6862C00707BA8 /* Images.xcassets */ = {isa = PBXFileReference; lastKnownFileType = folder.assetcatalog; path = Images.xcassets; sourceTree = "<group>"; };
		E453B3AB1AC6862C00707BA8 /* Base */ = {isa = PBXFileReference; lastKnownFileType = file.xib; name = Base; path = Base.lproj/LaunchScreen.xib; sourceTree = "<group>"; };
		E453B3B11AC6862C00707BA8 /* BabiTests.xctest */ = {isa = PBXFileReference; explicitFileType = wrapper.cfbundle; includeInIndex = 0; path = BabiTests.xctest; sourceTree = BUILT_PRODUCTS_DIR; };
		E453B3B61AC6862C00707BA8 /* Info.plist */ = {isa = PBXFileReference; lastKnownFileType = text.plist.xml; path = Info.plist; sourceTree = "<group>"; };
		E453B3B71AC6862C00707BA8 /* BabiTests.swift */ = {isa = PBXFileReference; lastKnownFileType = sourcecode.swift; path = BabiTests.swift; sourceTree = "<group>"; };
		E45F6C891AD71EAC00596A12 /* GateEditorDistanceCell.swift */ = {isa = PBXFileReference; fileEncoding = 4; lastKnownFileType = sourcecode.swift; path = GateEditorDistanceCell.swift; sourceTree = "<group>"; };
		E45F6C951AD8527300596A12 /* babi_gateEditorHeaderBackground.001.png */ = {isa = PBXFileReference; lastKnownFileType = image.png; path = babi_gateEditorHeaderBackground.001.png; sourceTree = "<group>"; };
		E473E3CB1ACBC09C0098D77A /* gateEditorTextFieldCell.swift */ = {isa = PBXFileReference; fileEncoding = 4; lastKnownFileType = sourcecode.swift; path = gateEditorTextFieldCell.swift; sourceTree = "<group>"; };
		E473E3CD1ACBEA280098D77A /* GateEditorLocationCell.swift */ = {isa = PBXFileReference; fileEncoding = 4; lastKnownFileType = sourcecode.swift; path = GateEditorLocationCell.swift; sourceTree = "<group>"; };
		E473E3CF1ACEBEDA0098D77A /* MapViewVC.swift */ = {isa = PBXFileReference; fileEncoding = 4; lastKnownFileType = sourcecode.swift; path = MapViewVC.swift; sourceTree = "<group>"; };
		E473E3D11ACFD2190098D77A /* GateEditorAutomaticCell.swift */ = {isa = PBXFileReference; fileEncoding = 4; lastKnownFileType = sourcecode.swift; path = GateEditorAutomaticCell.swift; sourceTree = "<group>"; };
		E474E7DD1D44773F00BFD411 /* RemoteNotificationsController.swift */ = {isa = PBXFileReference; fileEncoding = 4; lastKnownFileType = sourcecode.swift; path = RemoteNotificationsController.swift; sourceTree = "<group>"; };
		E48A9BD31AE016C000CB3EB9 /* address20.png */ = {isa = PBXFileReference; lastKnownFileType = image.png; path = address20.png; sourceTree = "<group>"; };
		E48A9BD51AE016D100CB3EB9 /* tick10.png */ = {isa = PBXFileReference; lastKnownFileType = image.png; path = tick10.png; sourceTree = "<group>"; };
		E48A9BD71AE016E100CB3EB9 /* garbage11.png */ = {isa = PBXFileReference; lastKnownFileType = image.png; path = garbage11.png; sourceTree = "<group>"; };
		E48A9BDB1AE01C0100CB3EB9 /* pen.png */ = {isa = PBXFileReference; lastKnownFileType = image.png; path = pen.png; sourceTree = "<group>"; };
		E48A9BDD1AE01C7000CB3EB9 /* facebook30.png */ = {isa = PBXFileReference; lastKnownFileType = image.png; path = facebook30.png; sourceTree = "<group>"; };
		E48A9BDF1AE0397700CB3EB9 /* direction51.png */ = {isa = PBXFileReference; lastKnownFileType = image.png; path = direction51.png; sourceTree = "<group>"; };
		E48A9BE11AE1626400CB3EB9 /* left_co_circle.png */ = {isa = PBXFileReference; lastKnownFileType = image.png; path = left_co_circle.png; sourceTree = "<group>"; };
		E48A9BE31AE297B100CB3EB9 /* shut-down.png */ = {isa = PBXFileReference; lastKnownFileType = image.png; path = "shut-down.png"; sourceTree = "<group>"; };
		E48A9BE51AE4110C00CB3EB9 /* BabiUsageUpdater.swift */ = {isa = PBXFileReference; fileEncoding = 4; lastKnownFileType = sourcecode.swift; path = BabiUsageUpdater.swift; sourceTree = "<group>"; };
		E490331F1E7BC255001F9C75 /* Contents.json */ = {isa = PBXFileReference; fileEncoding = 4; lastKnownFileType = text.json; path = Contents.json; sourceTree = "<group>"; };
		E49033201E7BC255001F9C75 /* ic_edit.png */ = {isa = PBXFileReference; lastKnownFileType = image.png; path = ic_edit.png; sourceTree = "<group>"; };
		E49033211E7BC255001F9C75 /* ic_edit_2x.png */ = {isa = PBXFileReference; lastKnownFileType = image.png; path = ic_edit_2x.png; sourceTree = "<group>"; };
		E49033221E7BC255001F9C75 /* ic_edit_3x.png */ = {isa = PBXFileReference; lastKnownFileType = image.png; path = ic_edit_3x.png; sourceTree = "<group>"; };
		E49033281E7BC26F001F9C75 /* Contents.json */ = {isa = PBXFileReference; fileEncoding = 4; lastKnownFileType = text.json; path = Contents.json; sourceTree = "<group>"; };
		E49033291E7BC26F001F9C75 /* ic_mode_edit.png */ = {isa = PBXFileReference; lastKnownFileType = image.png; path = ic_mode_edit.png; sourceTree = "<group>"; };
		E490332A1E7BC26F001F9C75 /* ic_mode_edit_2x.png */ = {isa = PBXFileReference; lastKnownFileType = image.png; path = ic_mode_edit_2x.png; sourceTree = "<group>"; };
		E490332B1E7BC26F001F9C75 /* ic_mode_edit_3x.png */ = {isa = PBXFileReference; lastKnownFileType = image.png; path = ic_mode_edit_3x.png; sourceTree = "<group>"; };
		E49033311E7BC285001F9C75 /* Contents.json */ = {isa = PBXFileReference; fileEncoding = 4; lastKnownFileType = text.json; path = Contents.json; sourceTree = "<group>"; };
		E49033321E7BC285001F9C75 /* ic_power_settings_new.png */ = {isa = PBXFileReference; lastKnownFileType = image.png; path = ic_power_settings_new.png; sourceTree = "<group>"; };
		E49033331E7BC285001F9C75 /* ic_power_settings_new_2x.png */ = {isa = PBXFileReference; lastKnownFileType = image.png; path = ic_power_settings_new_2x.png; sourceTree = "<group>"; };
		E49033341E7BC285001F9C75 /* ic_power_settings_new_3x.png */ = {isa = PBXFileReference; lastKnownFileType = image.png; path = ic_power_settings_new_3x.png; sourceTree = "<group>"; };
		E490333A1E7BC2A0001F9C75 /* Contents.json */ = {isa = PBXFileReference; fileEncoding = 4; lastKnownFileType = text.json; path = Contents.json; sourceTree = "<group>"; };
		E490333B1E7BC2A0001F9C75 /* ic_undo.png */ = {isa = PBXFileReference; lastKnownFileType = image.png; path = ic_undo.png; sourceTree = "<group>"; };
		E490333C1E7BC2A0001F9C75 /* ic_undo_2x.png */ = {isa = PBXFileReference; lastKnownFileType = image.png; path = ic_undo_2x.png; sourceTree = "<group>"; };
		E490333D1E7BC2A0001F9C75 /* ic_undo_3x.png */ = {isa = PBXFileReference; lastKnownFileType = image.png; path = ic_undo_3x.png; sourceTree = "<group>"; };
		E49033431E7BC343001F9C75 /* Contents.json */ = {isa = PBXFileReference; fileEncoding = 4; lastKnownFileType = text.json; path = Contents.json; sourceTree = "<group>"; };
		E49033441E7BC343001F9C75 /* ic_add.png */ = {isa = PBXFileReference; lastKnownFileType = image.png; path = ic_add.png; sourceTree = "<group>"; };
		E49033451E7BC343001F9C75 /* ic_add_2x.png */ = {isa = PBXFileReference; lastKnownFileType = image.png; path = ic_add_2x.png; sourceTree = "<group>"; };
		E49033461E7BC343001F9C75 /* ic_add_3x.png */ = {isa = PBXFileReference; lastKnownFileType = image.png; path = ic_add_3x.png; sourceTree = "<group>"; };
		E490334C1E7BCA65001F9C75 /* Contents.json */ = {isa = PBXFileReference; fileEncoding = 4; lastKnownFileType = text.json; path = Contents.json; sourceTree = "<group>"; };
		E490334D1E7BCA65001F9C75 /* ic_chevron_left.png */ = {isa = PBXFileReference; lastKnownFileType = image.png; path = ic_chevron_left.png; sourceTree = "<group>"; };
		E490334E1E7BCA65001F9C75 /* ic_chevron_left_2x.png */ = {isa = PBXFileReference; lastKnownFileType = image.png; path = ic_chevron_left_2x.png; sourceTree = "<group>"; };
		E490334F1E7BCA65001F9C75 /* ic_chevron_left_3x.png */ = {isa = PBXFileReference; lastKnownFileType = image.png; path = ic_chevron_left_3x.png; sourceTree = "<group>"; };
		E49033551E7BCA7B001F9C75 /* Contents.json */ = {isa = PBXFileReference; fileEncoding = 4; lastKnownFileType = text.json; path = Contents.json; sourceTree = "<group>"; };
		E49033561E7BCA7B001F9C75 /* ic_expand_more.png */ = {isa = PBXFileReference; lastKnownFileType = image.png; path = ic_expand_more.png; sourceTree = "<group>"; };
		E49033571E7BCA7B001F9C75 /* ic_expand_more_2x.png */ = {isa = PBXFileReference; lastKnownFileType = image.png; path = ic_expand_more_2x.png; sourceTree = "<group>"; };
		E49033581E7BCA7B001F9C75 /* ic_expand_more_3x.png */ = {isa = PBXFileReference; lastKnownFileType = image.png; path = ic_expand_more_3x.png; sourceTree = "<group>"; };
		E490335E1E7C0664001F9C75 /* Contents.json */ = {isa = PBXFileReference; fileEncoding = 4; lastKnownFileType = text.json; path = Contents.json; sourceTree = "<group>"; };
		E490335F1E7C0664001F9C75 /* ic_near_me.png */ = {isa = PBXFileReference; lastKnownFileType = image.png; path = ic_near_me.png; sourceTree = "<group>"; };
		E49033601E7C0664001F9C75 /* ic_near_me_2x.png */ = {isa = PBXFileReference; lastKnownFileType = image.png; path = ic_near_me_2x.png; sourceTree = "<group>"; };
		E49033611E7C0664001F9C75 /* ic_near_me_3x.png */ = {isa = PBXFileReference; lastKnownFileType = image.png; path = ic_near_me_3x.png; sourceTree = "<group>"; };
		E49033671E7C07AB001F9C75 /* Contents.json */ = {isa = PBXFileReference; fileEncoding = 4; lastKnownFileType = text.json; path = Contents.json; sourceTree = "<group>"; };
		E49033681E7C07AB001F9C75 /* ic_my_location_36pt.png */ = {isa = PBXFileReference; lastKnownFileType = image.png; path = ic_my_location_36pt.png; sourceTree = "<group>"; };
		E49033691E7C07AB001F9C75 /* ic_my_location_36pt_2x.png */ = {isa = PBXFileReference; lastKnownFileType = image.png; path = ic_my_location_36pt_2x.png; sourceTree = "<group>"; };
		E490336A1E7C07AB001F9C75 /* ic_my_location_36pt_3x.png */ = {isa = PBXFileReference; lastKnownFileType = image.png; path = ic_my_location_36pt_3x.png; sourceTree = "<group>"; };
		E49033701E7C0D5B001F9C75 /* Contents.json */ = {isa = PBXFileReference; fileEncoding = 4; lastKnownFileType = text.json; path = Contents.json; sourceTree = "<group>"; };
		E49033711E7C0D5B001F9C75 /* ic_settings_36pt.png */ = {isa = PBXFileReference; lastKnownFileType = image.png; path = ic_settings_36pt.png; sourceTree = "<group>"; };
		E49033721E7C0D5B001F9C75 /* ic_settings_36pt_2x.png */ = {isa = PBXFileReference; lastKnownFileType = image.png; path = ic_settings_36pt_2x.png; sourceTree = "<group>"; };
		E49033731E7C0D5B001F9C75 /* ic_settings_36pt_3x.png */ = {isa = PBXFileReference; lastKnownFileType = image.png; path = ic_settings_36pt_3x.png; sourceTree = "<group>"; };
		E4981C931ADD953E00F778F5 /* gateEditorHeaderImage.001.png */ = {isa = PBXFileReference; lastKnownFileType = image.png; path = gateEditorHeaderImage.001.png; sourceTree = "<group>"; };
		E4981C951ADD98B900F778F5 /* gateEditorHeaderView2.001.png */ = {isa = PBXFileReference; lastKnownFileType = image.png; path = gateEditorHeaderView2.001.png; sourceTree = "<group>"; };
		E4981C981ADD9AEF00F778F5 /* plus32.png */ = {isa = PBXFileReference; lastKnownFileType = image.png; path = plus32.png; sourceTree = "<group>"; };
		E4981C9B1ADD9B7900F778F5 /* leftarrow17.png */ = {isa = PBXFileReference; lastKnownFileType = image.png; path = leftarrow17.png; sourceTree = "<group>"; };
		E4981C9D1ADD9C3400F778F5 /* return13.png */ = {isa = PBXFileReference; lastKnownFileType = image.png; path = return13.png; sourceTree = "<group>"; };
		E4981CA21ADDB70700F778F5 /* gateEditorFenceImage.001.png */ = {isa = PBXFileReference; lastKnownFileType = image.png; path = gateEditorFenceImage.001.png; sourceTree = "<group>"; };
		E4981CA41ADDB76000F778F5 /* GateEditorFenceHeaderVIew.xib */ = {isa = PBXFileReference; fileEncoding = 4; lastKnownFileType = file.xib; path = GateEditorFenceHeaderVIew.xib; sourceTree = "<group>"; };
		E4DDBB531E7BB1490053F89D /* Contents.json */ = {isa = PBXFileReference; fileEncoding = 4; lastKnownFileType = text.json; path = Contents.json; sourceTree = "<group>"; };
		E4DDBB541E7BB1490053F89D /* ic_import_contacts.png */ = {isa = PBXFileReference; lastKnownFileType = image.png; path = ic_import_contacts.png; sourceTree = "<group>"; };
		E4DDBB551E7BB1490053F89D /* ic_import_contacts_2x.png */ = {isa = PBXFileReference; lastKnownFileType = image.png; path = ic_import_contacts_2x.png; sourceTree = "<group>"; };
		E4DDBB561E7BB1490053F89D /* ic_import_contacts_3x.png */ = {isa = PBXFileReference; lastKnownFileType = image.png; path = ic_import_contacts_3x.png; sourceTree = "<group>"; };
		E4DDBB5C1E7BB36C0053F89D /* Contents.json */ = {isa = PBXFileReference; fileEncoding = 4; lastKnownFileType = text.json; path = Contents.json; sourceTree = "<group>"; };
		E4DDBB5D1E7BB36C0053F89D /* ic_delete.png */ = {isa = PBXFileReference; lastKnownFileType = image.png; path = ic_delete.png; sourceTree = "<group>"; };
		E4DDBB5E1E7BB36C0053F89D /* ic_delete_2x.png */ = {isa = PBXFileReference; lastKnownFileType = image.png; path = ic_delete_2x.png; sourceTree = "<group>"; };
		E4DDBB5F1E7BB36C0053F89D /* ic_delete_3x.png */ = {isa = PBXFileReference; lastKnownFileType = image.png; path = ic_delete_3x.png; sourceTree = "<group>"; };
		E4DDBB651E7BB3E90053F89D /* Contents.json */ = {isa = PBXFileReference; fileEncoding = 4; lastKnownFileType = text.json; path = Contents.json; sourceTree = "<group>"; };
		E4DDBB661E7BB3E90053F89D /* ic_done.png */ = {isa = PBXFileReference; lastKnownFileType = image.png; path = ic_done.png; sourceTree = "<group>"; };
		E4DDBB671E7BB3E90053F89D /* ic_done_2x.png */ = {isa = PBXFileReference; lastKnownFileType = image.png; path = ic_done_2x.png; sourceTree = "<group>"; };
		E4DDBB681E7BB3E90053F89D /* ic_done_3x.png */ = {isa = PBXFileReference; lastKnownFileType = image.png; path = ic_done_3x.png; sourceTree = "<group>"; };
		E4E2E2471ADCDDB3006BD949 /* shuneet_12_classic_v21.OTF */ = {isa = PBXFileReference; lastKnownFileType = file; path = shuneet_12_classic_v21.OTF; sourceTree = "<group>"; };
		E4E2E24A1ADCE0BF006BD949 /* shuneet_10_oblique_v21.OTF */ = {isa = PBXFileReference; lastKnownFileType = file; path = shuneet_10_oblique_v21.OTF; sourceTree = "<group>"; };
		E4E2E24B1ADCE1F6006BD949 /* FreeSans.ttf */ = {isa = PBXFileReference; lastKnownFileType = file; path = FreeSans.ttf; sourceTree = "<group>"; };
		E4E2E24F1ADCE74D006BD949 /* koby_background_cell.jpeg */ = {isa = PBXFileReference; lastKnownFileType = image.jpeg; path = koby_background_cell.jpeg; sourceTree = "<group>"; };
		E4E2E2511ADD051B006BD949 /* NoGatesVC.swift */ = {isa = PBXFileReference; fileEncoding = 4; lastKnownFileType = sourcecode.swift; path = NoGatesVC.swift; sourceTree = "<group>"; };
		E4E2E2531ADD07BB006BD949 /* kobi_full.jpg */ = {isa = PBXFileReference; lastKnownFileType = image.jpeg; path = kobi_full.jpg; sourceTree = "<group>"; };
		E4F1A8621ADBBA9200973C51 /* koby_header2.jpeg */ = {isa = PBXFileReference; lastKnownFileType = image.jpeg; path = koby_header2.jpeg; sourceTree = "<group>"; };
		E4F1A8641ADBBC1D00973C51 /* GateEditorTableMainHeader.swift */ = {isa = PBXFileReference; fileEncoding = 4; lastKnownFileType = sourcecode.swift; path = GateEditorTableMainHeader.swift; sourceTree = "<group>"; };
		E4F1A8661ADC517600973C51 /* babiMainTVCellImageSkecthGray.001.png */ = {isa = PBXFileReference; lastKnownFileType = image.png; path = babiMainTVCellImageSkecthGray.001.png; sourceTree = "<group>"; };
		E8748867E8B6C7532A1D9A3F /* Pods_Babi.framework */ = {isa = PBXFileReference; explicitFileType = wrapper.framework; includeInIndex = 0; path = Pods_Babi.framework; sourceTree = BUILT_PRODUCTS_DIR; };
/* End PBXFileReference section */

/* Begin PBXFrameworksBuildPhase section */
		E453B3961AC6862C00707BA8 /* Frameworks */ = {
			isa = PBXFrameworksBuildPhase;
			buildActionMask = 2147483647;
			files = (
				36957F87B78A29F699B34D57 /* Pods_Babi.framework in Frameworks */,
			);
			runOnlyForDeploymentPostprocessing = 0;
		};
		E453B3AE1AC6862C00707BA8 /* Frameworks */ = {
			isa = PBXFrameworksBuildPhase;
			buildActionMask = 2147483647;
			files = (
				B2EF84787E0C29E0CC7772FD /* Pods_BabiTests.framework in Frameworks */,
			);
			runOnlyForDeploymentPostprocessing = 0;
		};
/* End PBXFrameworksBuildPhase section */

/* Begin PBXGroup section */
		7F646D46A85CF55D69B397C7 /* Frameworks */ = {
			isa = PBXGroup;
			children = (
				E8748867E8B6C7532A1D9A3F /* Pods_Babi.framework */,
				457DCD2A31374287A039CFD6 /* Pods_BabiTests.framework */,
			);
			name = Frameworks;
			sourceTree = "<group>";
		};
		8033D6F62716F96D186966B8 /* Pods */ = {
			isa = PBXGroup;
			children = (
				4C5A861606F8B9B638665F83 /* Pods-Babi.debug.xcconfig */,
				2DC39A6516AEF42C96940C03 /* Pods-Babi.release.xcconfig */,
				120FAEE139B3FF8193AA815C /* Pods-BabiTests.debug.xcconfig */,
				2A8CE88AC2594E7530DC7836 /* Pods-BabiTests.release.xcconfig */,
			);
			name = Pods;
			sourceTree = "<group>";
		};
		E44B6E4A1E7C931A00D953D6 /* ic_call_36pt.imageset */ = {
			isa = PBXGroup;
			children = (
				E44B6E4B1E7C931B00D953D6 /* Contents.json */,
				E44B6E4C1E7C931B00D953D6 /* ic_call_36pt.png */,
				E44B6E4D1E7C931B00D953D6 /* ic_call_36pt_2x.png */,
				E44B6E4E1E7C931B00D953D6 /* ic_call_36pt_3x.png */,
			);
			path = ic_call_36pt.imageset;
			sourceTree = "<group>";
		};
		E44B6E531E7C94B900D953D6 /* ic_phone.imageset */ = {
			isa = PBXGroup;
			children = (
				E44B6E541E7C94B900D953D6 /* Contents.json */,
				E44B6E551E7C94B900D953D6 /* ic_phone.png */,
				E44B6E561E7C94B900D953D6 /* ic_phone_2x.png */,
				E44B6E571E7C94B900D953D6 /* ic_phone_3x.png */,
			);
			path = ic_phone.imageset;
			sourceTree = "<group>";
		};
		E453B3901AC6862C00707BA8 = {
			isa = PBXGroup;
			children = (
				E453B39B1AC6862C00707BA8 /* Babi */,
				E453B3B41AC6862C00707BA8 /* BabiTests */,
				E453B39A1AC6862C00707BA8 /* Products */,
				E4F1A8621ADBBA9200973C51 /* koby_header2.jpeg */,
				8033D6F62716F96D186966B8 /* Pods */,
				7F646D46A85CF55D69B397C7 /* Frameworks */,
			);
			sourceTree = "<group>";
		};
		E453B39A1AC6862C00707BA8 /* Products */ = {
			isa = PBXGroup;
			children = (
				E453B3991AC6862C00707BA8 /* Babi.app */,
				E453B3B11AC6862C00707BA8 /* BabiTests.xctest */,
			);
			name = Products;
			sourceTree = "<group>";
		};
		E453B39B1AC6862C00707BA8 /* Babi */ = {
			isa = PBXGroup;
			children = (
				E453B39E1AC6862C00707BA8 /* AppDelegate.swift */,
				E453B3A51AC6862C00707BA8 /* Main.storyboard */,
				E473E3C61ACBABB90098D77A /* UI */,
				E473E3C71ACBABC50098D77A /* Model */,
				E473E3CA1ACBAC600098D77A /* Functions */,
				E453B3A81AC6862C00707BA8 /* Images.xcassets */,
				E44B6E531E7C94B900D953D6 /* ic_phone.imageset */,
				E44B6E4A1E7C931A00D953D6 /* ic_call_36pt.imageset */,
				E490336F1E7C0D5B001F9C75 /* ic_settings_36pt.imageset */,
				E49033661E7C07AB001F9C75 /* ic_my_location_36pt.imageset */,
				E490335D1E7C0664001F9C75 /* ic_near_me.imageset */,
				E49033541E7BCA7B001F9C75 /* ic_expand_more.imageset */,
				E490334B1E7BCA65001F9C75 /* ic_chevron_left.imageset */,
				E49033421E7BC343001F9C75 /* ic_add.imageset */,
				E49033391E7BC2A0001F9C75 /* ic_undo.imageset */,
				E49033301E7BC285001F9C75 /* ic_power_settings_new.imageset */,
				E49033271E7BC26F001F9C75 /* ic_mode_edit.imageset */,
				E490331E1E7BC255001F9C75 /* ic_edit.imageset */,
				E4DDBB641E7BB3E90053F89D /* ic_done.imageset */,
				E4DDBB5B1E7BB36C0053F89D /* ic_delete.imageset */,
				E4DDBB521E7BB1490053F89D /* ic_import_contacts.imageset */,
				E4981CA11ADDB70700F778F5 /* gateEditorFenceImage */,
				E4981C9D1ADD9C3400F778F5 /* return13.png */,
				E48A9BDF1AE0397700CB3EB9 /* direction51.png */,
				E4981C9B1ADD9B7900F778F5 /* leftarrow17.png */,
				E4981C981ADD9AEF00F778F5 /* plus32.png */,
				E4981C951ADD98B900F778F5 /* gateEditorHeaderView2.001.png */,
				E4981C931ADD953E00F778F5 /* gateEditorHeaderImage.001.png */,
				E40B2C4A1ADD8DA000F81D58 /* kob_navBar_normal.jpeg */,
				E40B2C4B1ADD8DA000F81D58 /* kobi_navBar_Blured.png */,
				E4E2E24B1ADCE1F6006BD949 /* FreeSans.ttf */,
				E4E2E2471ADCDDB3006BD949 /* shuneet_12_classic_v21.OTF */,
				E4E2E2531ADD07BB006BD949 /* kobi_full.jpg */,
				E4E2E24A1ADCE0BF006BD949 /* shuneet_10_oblique_v21.OTF */,
				E45F6C951AD8527300596A12 /* babi_gateEditorHeaderBackground.001.png */,
				E453B3AA1AC6862C00707BA8 /* LaunchScreen.xib */,
				E453B39C1AC6862C00707BA8 /* Supporting Files */,
			);
			path = Babi;
			sourceTree = "<group>";
		};
		E453B39C1AC6862C00707BA8 /* Supporting Files */ = {
			isa = PBXGroup;
			children = (
				E453B39D1AC6862C00707BA8 /* Info.plist */,
			);
			name = "Supporting Files";
			sourceTree = "<group>";
		};
		E453B3B41AC6862C00707BA8 /* BabiTests */ = {
			isa = PBXGroup;
			children = (
				E453B3B71AC6862C00707BA8 /* BabiTests.swift */,
				E453B3B51AC6862C00707BA8 /* Supporting Files */,
			);
			path = BabiTests;
			sourceTree = "<group>";
		};
		E453B3B51AC6862C00707BA8 /* Supporting Files */ = {
			isa = PBXGroup;
			children = (
				E453B3B61AC6862C00707BA8 /* Info.plist */,
			);
			name = "Supporting Files";
			sourceTree = "<group>";
		};
		E473E3C61ACBABB90098D77A /* UI */ = {
			isa = PBXGroup;
			children = (
				E473E3C81ACBAC0B0098D77A /* Gates TVC */,
				E473E3C91ACBAC210098D77A /* Gate Editor */,
			);
			name = UI;
			sourceTree = "<group>";
		};
		E473E3C71ACBABC50098D77A /* Model */ = {
			isa = PBXGroup;
			children = (
				E4375B511AC6D6A000A3D669 /* Model.swift */,
				E4375B4B1AC6875400A3D669 /* Gate.swift */,
				E41BE7EE1AD66A4100AD7531 /* PhoneDialer.swift */,
				E41BE7EC1AD3D5B000AD7531 /* LocationNotifications.swift */,
				E41790711ADE96B5002E68D1 /* BabiCallCenter.swift */,
				E48A9BE51AE4110C00CB3EB9 /* BabiUsageUpdater.swift */,
				E4E2E24F1ADCE74D006BD949 /* koby_background_cell.jpeg */,
				E4F1A8661ADC517600973C51 /* babiMainTVCellImageSkecthGray.001.png */,
				E453B3A01AC6862C00707BA8 /* Babi.xcdatamodeld */,
				E474E7DD1D44773F00BFD411 /* RemoteNotificationsController.swift */,
			);
			name = Model;
			sourceTree = "<group>";
		};
		E473E3C81ACBAC0B0098D77A /* Gates TVC */ = {
			isa = PBXGroup;
			children = (
				E453B3A31AC6862C00707BA8 /* MainContainerController.swift */,
				E4E2E2511ADD051B006BD949 /* NoGatesVC.swift */,
				E4375B4D1AC6CCEC00A3D669 /* GatesTableViewController.swift */,
				E4375B4F1AC6CD5300A3D669 /* GatesTVCell.swift */,
			);
			name = "Gates TVC";
			sourceTree = "<group>";
		};
		E473E3C91ACBAC210098D77A /* Gate Editor */ = {
			isa = PBXGroup;
			children = (
				E4375B531ACA756100A3D669 /* GateEditorVC.swift */,
				E4F1A8641ADBBC1D00973C51 /* GateEditorTableMainHeader.swift */,
				E4375B551ACA770200A3D669 /* GateEditorTVCHeaderView.xib */,
				E4981CA41ADDB76000F778F5 /* GateEditorFenceHeaderVIew.xib */,
				E4375B571ACA7A0300A3D669 /* GateEditorTVCHeaderView.swift */,
				E473E3CB1ACBC09C0098D77A /* gateEditorTextFieldCell.swift */,
				E473E3CD1ACBEA280098D77A /* GateEditorLocationCell.swift */,
				E473E3D11ACFD2190098D77A /* GateEditorAutomaticCell.swift */,
				E45F6C891AD71EAC00596A12 /* GateEditorDistanceCell.swift */,
				E473E3CF1ACEBEDA0098D77A /* MapViewVC.swift */,
			);
			name = "Gate Editor";
			sourceTree = "<group>";
		};
		E473E3CA1ACBAC600098D77A /* Functions */ = {
			isa = PBXGroup;
			children = (
				E4375B591ACA82FA00A3D669 /* UIView+Extensions.swift */,
			);
			name = Functions;
			sourceTree = "<group>";
		};
		E490331E1E7BC255001F9C75 /* ic_edit.imageset */ = {
			isa = PBXGroup;
			children = (
				E490331F1E7BC255001F9C75 /* Contents.json */,
				E49033201E7BC255001F9C75 /* ic_edit.png */,
				E49033211E7BC255001F9C75 /* ic_edit_2x.png */,
				E49033221E7BC255001F9C75 /* ic_edit_3x.png */,
			);
			path = ic_edit.imageset;
			sourceTree = "<group>";
		};
		E49033271E7BC26F001F9C75 /* ic_mode_edit.imageset */ = {
			isa = PBXGroup;
			children = (
				E49033281E7BC26F001F9C75 /* Contents.json */,
				E49033291E7BC26F001F9C75 /* ic_mode_edit.png */,
				E490332A1E7BC26F001F9C75 /* ic_mode_edit_2x.png */,
				E490332B1E7BC26F001F9C75 /* ic_mode_edit_3x.png */,
			);
			path = ic_mode_edit.imageset;
			sourceTree = "<group>";
		};
		E49033301E7BC285001F9C75 /* ic_power_settings_new.imageset */ = {
			isa = PBXGroup;
			children = (
				E49033311E7BC285001F9C75 /* Contents.json */,
				E49033321E7BC285001F9C75 /* ic_power_settings_new.png */,
				E49033331E7BC285001F9C75 /* ic_power_settings_new_2x.png */,
				E49033341E7BC285001F9C75 /* ic_power_settings_new_3x.png */,
			);
			path = ic_power_settings_new.imageset;
			sourceTree = "<group>";
		};
		E49033391E7BC2A0001F9C75 /* ic_undo.imageset */ = {
			isa = PBXGroup;
			children = (
				E490333A1E7BC2A0001F9C75 /* Contents.json */,
				E490333B1E7BC2A0001F9C75 /* ic_undo.png */,
				E490333C1E7BC2A0001F9C75 /* ic_undo_2x.png */,
				E490333D1E7BC2A0001F9C75 /* ic_undo_3x.png */,
			);
			path = ic_undo.imageset;
			sourceTree = "<group>";
		};
		E49033421E7BC343001F9C75 /* ic_add.imageset */ = {
			isa = PBXGroup;
			children = (
				E49033431E7BC343001F9C75 /* Contents.json */,
				E49033441E7BC343001F9C75 /* ic_add.png */,
				E49033451E7BC343001F9C75 /* ic_add_2x.png */,
				E49033461E7BC343001F9C75 /* ic_add_3x.png */,
			);
			path = ic_add.imageset;
			sourceTree = "<group>";
		};
		E490334B1E7BCA65001F9C75 /* ic_chevron_left.imageset */ = {
			isa = PBXGroup;
			children = (
				E490334C1E7BCA65001F9C75 /* Contents.json */,
				E490334D1E7BCA65001F9C75 /* ic_chevron_left.png */,
				E490334E1E7BCA65001F9C75 /* ic_chevron_left_2x.png */,
				E490334F1E7BCA65001F9C75 /* ic_chevron_left_3x.png */,
			);
			path = ic_chevron_left.imageset;
			sourceTree = "<group>";
		};
		E49033541E7BCA7B001F9C75 /* ic_expand_more.imageset */ = {
			isa = PBXGroup;
			children = (
				E49033551E7BCA7B001F9C75 /* Contents.json */,
				E49033561E7BCA7B001F9C75 /* ic_expand_more.png */,
				E49033571E7BCA7B001F9C75 /* ic_expand_more_2x.png */,
				E49033581E7BCA7B001F9C75 /* ic_expand_more_3x.png */,
			);
			path = ic_expand_more.imageset;
			sourceTree = "<group>";
		};
		E490335D1E7C0664001F9C75 /* ic_near_me.imageset */ = {
			isa = PBXGroup;
			children = (
				E490335E1E7C0664001F9C75 /* Contents.json */,
				E490335F1E7C0664001F9C75 /* ic_near_me.png */,
				E49033601E7C0664001F9C75 /* ic_near_me_2x.png */,
				E49033611E7C0664001F9C75 /* ic_near_me_3x.png */,
			);
			path = ic_near_me.imageset;
			sourceTree = "<group>";
		};
		E49033661E7C07AB001F9C75 /* ic_my_location_36pt.imageset */ = {
			isa = PBXGroup;
			children = (
				E49033671E7C07AB001F9C75 /* Contents.json */,
				E49033681E7C07AB001F9C75 /* ic_my_location_36pt.png */,
				E49033691E7C07AB001F9C75 /* ic_my_location_36pt_2x.png */,
				E490336A1E7C07AB001F9C75 /* ic_my_location_36pt_3x.png */,
			);
			path = ic_my_location_36pt.imageset;
			sourceTree = "<group>";
		};
		E490336F1E7C0D5B001F9C75 /* ic_settings_36pt.imageset */ = {
			isa = PBXGroup;
			children = (
				E49033701E7C0D5B001F9C75 /* Contents.json */,
				E49033711E7C0D5B001F9C75 /* ic_settings_36pt.png */,
				E49033721E7C0D5B001F9C75 /* ic_settings_36pt_2x.png */,
				E49033731E7C0D5B001F9C75 /* ic_settings_36pt_3x.png */,
			);
			path = ic_settings_36pt.imageset;
			sourceTree = "<group>";
		};
		E4981CA11ADDB70700F778F5 /* gateEditorFenceImage */ = {
			isa = PBXGroup;
			children = (
				E42F023C1AE573DA001F9FE1 /* target12(1).png */,
				E42F023A1AE57098001F9FE1 /* target12.png */,
				E48A9BE31AE297B100CB3EB9 /* shut-down.png */,
				E48A9BE11AE1626400CB3EB9 /* left_co_circle.png */,
				E48A9BDD1AE01C7000CB3EB9 /* facebook30.png */,
				E48A9BDB1AE01C0100CB3EB9 /* pen.png */,
				E48A9BD71AE016E100CB3EB9 /* garbage11.png */,
				E4981CA21ADDB70700F778F5 /* gateEditorFenceImage.001.png */,
				E48A9BD51AE016D100CB3EB9 /* tick10.png */,
				E48A9BD31AE016C000CB3EB9 /* address20.png */,
			);
			path = gateEditorFenceImage;
			sourceTree = "<group>";
		};
		E4DDBB521E7BB1490053F89D /* ic_import_contacts.imageset */ = {
			isa = PBXGroup;
			children = (
				E4DDBB531E7BB1490053F89D /* Contents.json */,
				E4DDBB541E7BB1490053F89D /* ic_import_contacts.png */,
				E4DDBB551E7BB1490053F89D /* ic_import_contacts_2x.png */,
				E4DDBB561E7BB1490053F89D /* ic_import_contacts_3x.png */,
			);
			path = ic_import_contacts.imageset;
			sourceTree = "<group>";
		};
		E4DDBB5B1E7BB36C0053F89D /* ic_delete.imageset */ = {
			isa = PBXGroup;
			children = (
				E4DDBB5C1E7BB36C0053F89D /* Contents.json */,
				E4DDBB5D1E7BB36C0053F89D /* ic_delete.png */,
				E4DDBB5E1E7BB36C0053F89D /* ic_delete_2x.png */,
				E4DDBB5F1E7BB36C0053F89D /* ic_delete_3x.png */,
			);
			path = ic_delete.imageset;
			sourceTree = "<group>";
		};
		E4DDBB641E7BB3E90053F89D /* ic_done.imageset */ = {
			isa = PBXGroup;
			children = (
				E4DDBB651E7BB3E90053F89D /* Contents.json */,
				E4DDBB661E7BB3E90053F89D /* ic_done.png */,
				E4DDBB671E7BB3E90053F89D /* ic_done_2x.png */,
				E4DDBB681E7BB3E90053F89D /* ic_done_3x.png */,
			);
			path = ic_done.imageset;
			sourceTree = "<group>";
		};
/* End PBXGroup section */

/* Begin PBXNativeTarget section */
		E453B3981AC6862C00707BA8 /* Babi */ = {
			isa = PBXNativeTarget;
			buildConfigurationList = E453B3BB1AC6862C00707BA8 /* Build configuration list for PBXNativeTarget "Babi" */;
			buildPhases = (
				B146D7C358A0E75571E56F6A /* [CP] Check Pods Manifest.lock */,
				E453B3951AC6862C00707BA8 /* Sources */,
				E453B3961AC6862C00707BA8 /* Frameworks */,
				E453B3971AC6862C00707BA8 /* Resources */,
				49564B511A176AE5D0A03F37 /* [CP] Embed Pods Frameworks */,
				04B93DF2F9E454C351BB2C98 /* [CP] Copy Pods Resources */,
			);
			buildRules = (
			);
			dependencies = (
			);
			name = Babi;
			productName = Babi;
			productReference = E453B3991AC6862C00707BA8 /* Babi.app */;
			productType = "com.apple.product-type.application";
		};
		E453B3B01AC6862C00707BA8 /* BabiTests */ = {
			isa = PBXNativeTarget;
			buildConfigurationList = E453B3BE1AC6862D00707BA8 /* Build configuration list for PBXNativeTarget "BabiTests" */;
			buildPhases = (
				97037A83114CCD2C6B56FA5A /* [CP] Check Pods Manifest.lock */,
				E453B3AD1AC6862C00707BA8 /* Sources */,
				E453B3AE1AC6862C00707BA8 /* Frameworks */,
				E453B3AF1AC6862C00707BA8 /* Resources */,
				8D7775458D62ADFB76429796 /* [CP] Embed Pods Frameworks */,
				A252AF400376888AAA6170A4 /* [CP] Copy Pods Resources */,
			);
			buildRules = (
			);
			dependencies = (
				E453B3B31AC6862C00707BA8 /* PBXTargetDependency */,
			);
			name = BabiTests;
			productName = BabiTests;
			productReference = E453B3B11AC6862C00707BA8 /* BabiTests.xctest */;
			productType = "com.apple.product-type.bundle.unit-test";
		};
/* End PBXNativeTarget section */

/* Begin PBXProject section */
		E453B3911AC6862C00707BA8 /* Project object */ = {
			isa = PBXProject;
			attributes = {
				LastSwiftMigration = 0730;
				LastSwiftUpdateCheck = 0720;
				LastUpgradeCheck = 0820;
				ORGANIZATIONNAME = "Guy Freeman";
				TargetAttributes = {
					E453B3981AC6862C00707BA8 = {
						CreatedOnToolsVersion = 6.2;
						DevelopmentTeam = 58NS37C8VA;
						LastSwiftMigration = 0820;
					};
					E453B3B01AC6862C00707BA8 = {
						CreatedOnToolsVersion = 6.2;
						LastSwiftMigration = 0820;
						TestTargetID = E453B3981AC6862C00707BA8;
					};
				};
			};
			buildConfigurationList = E453B3941AC6862C00707BA8 /* Build configuration list for PBXProject "Babi" */;
			compatibilityVersion = "Xcode 3.2";
			developmentRegion = English;
			hasScannedForEncodings = 0;
			knownRegions = (
				en,
				Base,
			);
			mainGroup = E453B3901AC6862C00707BA8;
			productRefGroup = E453B39A1AC6862C00707BA8 /* Products */;
			projectDirPath = "";
			projectRoot = "";
			targets = (
				E453B3981AC6862C00707BA8 /* Babi */,
				E453B3B01AC6862C00707BA8 /* BabiTests */,
			);
		};
/* End PBXProject section */

/* Begin PBXResourcesBuildPhase section */
		E453B3971AC6862C00707BA8 /* Resources */ = {
			isa = PBXResourcesBuildPhase;
			buildActionMask = 2147483647;
			files = (
				E4DDBB611E7BB36C0053F89D /* ic_delete.png in Resources */,
				E490336E1E7C07AB001F9C75 /* ic_my_location_36pt_3x.png in Resources */,
				E42F023D1AE573DA001F9FE1 /* target12(1).png in Resources */,
				E48A9BD81AE016E100CB3EB9 /* garbage11.png in Resources */,
				E490336D1E7C07AB001F9C75 /* ic_my_location_36pt_2x.png in Resources */,
				E49033501E7BCA65001F9C75 /* Contents.json in Resources */,
				E490334A1E7BC343001F9C75 /* ic_add_3x.png in Resources */,
				E40B2C4C1ADD8DA000F81D58 /* kob_navBar_normal.jpeg in Resources */,
				E49033521E7BCA65001F9C75 /* ic_chevron_left_2x.png in Resources */,
				E4DDBB5A1E7BB1490053F89D /* ic_import_contacts_3x.png in Resources */,
				E4DDBB571E7BB1490053F89D /* Contents.json in Resources */,
				E49033641E7C0664001F9C75 /* ic_near_me_2x.png in Resources */,
				E44B6E521E7C931B00D953D6 /* ic_call_36pt_3x.png in Resources */,
				E4F1A8671ADC517600973C51 /* babiMainTVCellImageSkecthGray.001.png in Resources */,
				E490335A1E7BCA7B001F9C75 /* ic_expand_more.png in Resources */,
				E49033621E7C0664001F9C75 /* Contents.json in Resources */,
				E49033481E7BC343001F9C75 /* ic_add.png in Resources */,
				E49033511E7BCA65001F9C75 /* ic_chevron_left.png in Resources */,
				E49033351E7BC285001F9C75 /* Contents.json in Resources */,
				E453B3A71AC6862C00707BA8 /* Main.storyboard in Resources */,
				E48A9BD41AE016C000CB3EB9 /* address20.png in Resources */,
				E49033251E7BC255001F9C75 /* ic_edit_2x.png in Resources */,
				E490332D1E7BC26F001F9C75 /* ic_mode_edit.png in Resources */,
				E49033491E7BC343001F9C75 /* ic_add_2x.png in Resources */,
				E49033261E7BC255001F9C75 /* ic_edit_3x.png in Resources */,
				E49033591E7BCA7B001F9C75 /* Contents.json in Resources */,
				E4DDBB6B1E7BB3E90053F89D /* ic_done_2x.png in Resources */,
				E44B6E591E7C94B900D953D6 /* ic_phone.png in Resources */,
				E4E2E24C1ADCE488006BD949 /* FreeSans.ttf in Resources */,
				E490336C1E7C07AB001F9C75 /* ic_my_location_36pt.png in Resources */,
				E4981CA31ADDB70700F778F5 /* gateEditorFenceImage.001.png in Resources */,
				E490335B1E7BCA7B001F9C75 /* ic_expand_more_2x.png in Resources */,
				E49033241E7BC255001F9C75 /* ic_edit.png in Resources */,
				E4981C9A1ADD9AEF00F778F5 /* plus32.png in Resources */,
				E4DDBB601E7BB36C0053F89D /* Contents.json in Resources */,
				E490335C1E7BCA7B001F9C75 /* ic_expand_more_3x.png in Resources */,
				E4E2E2501ADCE74D006BD949 /* koby_background_cell.jpeg in Resources */,
				E49033741E7C0D5B001F9C75 /* Contents.json in Resources */,
				E4DDBB591E7BB1490053F89D /* ic_import_contacts_2x.png in Resources */,
				E49033361E7BC285001F9C75 /* ic_power_settings_new.png in Resources */,
				E44B6E5A1E7C94B900D953D6 /* ic_phone_2x.png in Resources */,
				E44B6E5B1E7C94B900D953D6 /* ic_phone_3x.png in Resources */,
				E48A9BE01AE0397700CB3EB9 /* direction51.png in Resources */,
				E4E2E2541ADD07BB006BD949 /* kobi_full.jpg in Resources */,
				E490332E1E7BC26F001F9C75 /* ic_mode_edit_2x.png in Resources */,
				E40B2C4D1ADD8DA000F81D58 /* kobi_navBar_Blured.png in Resources */,
				E42F023B1AE57098001F9FE1 /* target12.png in Resources */,
				E49033761E7C0D5B001F9C75 /* ic_settings_36pt_2x.png in Resources */,
				E49033531E7BCA65001F9C75 /* ic_chevron_left_3x.png in Resources */,
				E490333E1E7BC2A0001F9C75 /* Contents.json in Resources */,
				E49033651E7C0664001F9C75 /* ic_near_me_3x.png in Resources */,
				E48A9BDE1AE01C7000CB3EB9 /* facebook30.png in Resources */,
				E49033631E7C0664001F9C75 /* ic_near_me.png in Resources */,
				E4DDBB631E7BB36C0053F89D /* ic_delete_3x.png in Resources */,
				E4E2E24E1ADCE490006BD949 /* shuneet_10_oblique_v21.OTF in Resources */,
				E49033401E7BC2A0001F9C75 /* ic_undo_2x.png in Resources */,
				E49033411E7BC2A0001F9C75 /* ic_undo_3x.png in Resources */,
				E49033751E7C0D5B001F9C75 /* ic_settings_36pt.png in Resources */,
				E4F1A8631ADBBA9200973C51 /* koby_header2.jpeg in Resources */,
				E4981C9E1ADD9C3400F778F5 /* return13.png in Resources */,
				E49033471E7BC343001F9C75 /* Contents.json in Resources */,
				E4E2E24D1ADCE48C006BD949 /* shuneet_12_classic_v21.OTF in Resources */,
				E4981C9C1ADD9B7900F778F5 /* leftarrow17.png in Resources */,
				E48A9BE41AE297B100CB3EB9 /* shut-down.png in Resources */,
				E4DDBB621E7BB36C0053F89D /* ic_delete_2x.png in Resources */,
				E4375B561ACA770200A3D669 /* GateEditorTVCHeaderView.xib in Resources */,
				E44B6E501E7C931B00D953D6 /* ic_call_36pt.png in Resources */,
				E4DDBB6A1E7BB3E90053F89D /* ic_done.png in Resources */,
				E49033231E7BC255001F9C75 /* Contents.json in Resources */,
				E490332C1E7BC26F001F9C75 /* Contents.json in Resources */,
				E4DDBB6C1E7BB3E90053F89D /* ic_done_3x.png in Resources */,
				E4981C961ADD98B900F778F5 /* gateEditorHeaderView2.001.png in Resources */,
				E490332F1E7BC26F001F9C75 /* ic_mode_edit_3x.png in Resources */,
				E4981C941ADD953E00F778F5 /* gateEditorHeaderImage.001.png in Resources */,
				E48A9BE21AE1626400CB3EB9 /* left_co_circle.png in Resources */,
				E49033381E7BC285001F9C75 /* ic_power_settings_new_3x.png in Resources */,
				E49033371E7BC285001F9C75 /* ic_power_settings_new_2x.png in Resources */,
				E45F6C961AD8527300596A12 /* babi_gateEditorHeaderBackground.001.png in Resources */,
				E44B6E581E7C94B900D953D6 /* Contents.json in Resources */,
				E490333F1E7BC2A0001F9C75 /* ic_undo.png in Resources */,
				E453B3AC1AC6862C00707BA8 /* LaunchScreen.xib in Resources */,
				E4981CA51ADDB76000F778F5 /* GateEditorFenceHeaderVIew.xib in Resources */,
				E4DDBB691E7BB3E90053F89D /* Contents.json in Resources */,
				E49033771E7C0D5B001F9C75 /* ic_settings_36pt_3x.png in Resources */,
				E48A9BDC1AE01C0100CB3EB9 /* pen.png in Resources */,
				E4DDBB581E7BB1490053F89D /* ic_import_contacts.png in Resources */,
				E453B3A91AC6862C00707BA8 /* Images.xcassets in Resources */,
				E44B6E511E7C931B00D953D6 /* ic_call_36pt_2x.png in Resources */,
				E48A9BD61AE016D100CB3EB9 /* tick10.png in Resources */,
				E490336B1E7C07AB001F9C75 /* Contents.json in Resources */,
				E44B6E4F1E7C931B00D953D6 /* Contents.json in Resources */,
			);
			runOnlyForDeploymentPostprocessing = 0;
		};
		E453B3AF1AC6862C00707BA8 /* Resources */ = {
			isa = PBXResourcesBuildPhase;
			buildActionMask = 2147483647;
			files = (
			);
			runOnlyForDeploymentPostprocessing = 0;
		};
/* End PBXResourcesBuildPhase section */

/* Begin PBXShellScriptBuildPhase section */
		04B93DF2F9E454C351BB2C98 /* [CP] Copy Pods Resources */ = {
			isa = PBXShellScriptBuildPhase;
			buildActionMask = 2147483647;
			files = (
			);
			inputPaths = (
			);
			name = "[CP] Copy Pods Resources";
			outputPaths = (
			);
			runOnlyForDeploymentPostprocessing = 0;
			shellPath = /bin/sh;
			shellScript = "\"${SRCROOT}/Pods/Target Support Files/Pods-Babi/Pods-Babi-resources.sh\"\n";
			showEnvVarsInLog = 0;
		};
		49564B511A176AE5D0A03F37 /* [CP] Embed Pods Frameworks */ = {
			isa = PBXShellScriptBuildPhase;
			buildActionMask = 2147483647;
			files = (
			);
			inputPaths = (
			);
			name = "[CP] Embed Pods Frameworks";
			outputPaths = (
			);
			runOnlyForDeploymentPostprocessing = 0;
			shellPath = /bin/sh;
			shellScript = "\"${SRCROOT}/Pods/Target Support Files/Pods-Babi/Pods-Babi-frameworks.sh\"\n";
			showEnvVarsInLog = 0;
		};
		8D7775458D62ADFB76429796 /* [CP] Embed Pods Frameworks */ = {
			isa = PBXShellScriptBuildPhase;
			buildActionMask = 2147483647;
			files = (
			);
			inputPaths = (
			);
			name = "[CP] Embed Pods Frameworks";
			outputPaths = (
			);
			runOnlyForDeploymentPostprocessing = 0;
			shellPath = /bin/sh;
			shellScript = "\"${SRCROOT}/Pods/Target Support Files/Pods-BabiTests/Pods-BabiTests-frameworks.sh\"\n";
			showEnvVarsInLog = 0;
		};
		97037A83114CCD2C6B56FA5A /* [CP] Check Pods Manifest.lock */ = {
			isa = PBXShellScriptBuildPhase;
			buildActionMask = 2147483647;
			files = (
			);
			inputPaths = (
			);
			name = "[CP] Check Pods Manifest.lock";
			outputPaths = (
			);
			runOnlyForDeploymentPostprocessing = 0;
			shellPath = /bin/sh;
			shellScript = "diff \"${PODS_ROOT}/../Podfile.lock\" \"${PODS_ROOT}/Manifest.lock\" > /dev/null\nif [ $? != 0 ] ; then\n    # print error to STDERR\n    echo \"error: The sandbox is not in sync with the Podfile.lock. Run 'pod install' or update your CocoaPods installation.\" >&2\n    exit 1\nfi\n";
			showEnvVarsInLog = 0;
		};
		A252AF400376888AAA6170A4 /* [CP] Copy Pods Resources */ = {
			isa = PBXShellScriptBuildPhase;
			buildActionMask = 2147483647;
			files = (
			);
			inputPaths = (
			);
			name = "[CP] Copy Pods Resources";
			outputPaths = (
			);
			runOnlyForDeploymentPostprocessing = 0;
			shellPath = /bin/sh;
			shellScript = "\"${SRCROOT}/Pods/Target Support Files/Pods-BabiTests/Pods-BabiTests-resources.sh\"\n";
			showEnvVarsInLog = 0;
		};
		B146D7C358A0E75571E56F6A /* [CP] Check Pods Manifest.lock */ = {
			isa = PBXShellScriptBuildPhase;
			buildActionMask = 2147483647;
			files = (
			);
			inputPaths = (
			);
			name = "[CP] Check Pods Manifest.lock";
			outputPaths = (
			);
			runOnlyForDeploymentPostprocessing = 0;
			shellPath = /bin/sh;
			shellScript = "diff \"${PODS_ROOT}/../Podfile.lock\" \"${PODS_ROOT}/Manifest.lock\" > /dev/null\nif [ $? != 0 ] ; then\n    # print error to STDERR\n    echo \"error: The sandbox is not in sync with the Podfile.lock. Run 'pod install' or update your CocoaPods installation.\" >&2\n    exit 1\nfi\n";
			showEnvVarsInLog = 0;
		};
/* End PBXShellScriptBuildPhase section */

/* Begin PBXSourcesBuildPhase section */
		E453B3951AC6862C00707BA8 /* Sources */ = {
			isa = PBXSourcesBuildPhase;
			buildActionMask = 2147483647;
			files = (
				E4375B521AC6D6A000A3D669 /* Model.swift in Sources */,
				E4375B581ACA7A0300A3D669 /* GateEditorTVCHeaderView.swift in Sources */,
				E41790721ADE96B5002E68D1 /* BabiCallCenter.swift in Sources */,
				E4375B5A1ACA82FA00A3D669 /* UIView+Extensions.swift in Sources */,
				E453B3A41AC6862C00707BA8 /* MainContainerController.swift in Sources */,
				E4F1A8651ADBBC1D00973C51 /* GateEditorTableMainHeader.swift in Sources */,
				E48A9BE61AE4110C00CB3EB9 /* BabiUsageUpdater.swift in Sources */,
				E473E3CE1ACBEA280098D77A /* GateEditorLocationCell.swift in Sources */,
				E453B39F1AC6862C00707BA8 /* AppDelegate.swift in Sources */,
				E45F6C8A1AD71EAC00596A12 /* GateEditorDistanceCell.swift in Sources */,
				E4375B501AC6CD5300A3D669 /* GatesTVCell.swift in Sources */,
				E41BE7EF1AD66A4100AD7531 /* PhoneDialer.swift in Sources */,
				E474E7DE1D44773F00BFD411 /* RemoteNotificationsController.swift in Sources */,
				E473E3D01ACEBEDA0098D77A /* MapViewVC.swift in Sources */,
				E41BE7ED1AD3D5B000AD7531 /* LocationNotifications.swift in Sources */,
				E473E3CC1ACBC09C0098D77A /* gateEditorTextFieldCell.swift in Sources */,
				E4375B4C1AC6875400A3D669 /* Gate.swift in Sources */,
				E453B3A21AC6862C00707BA8 /* Babi.xcdatamodeld in Sources */,
				E473E3D21ACFD2190098D77A /* GateEditorAutomaticCell.swift in Sources */,
				E4375B541ACA756100A3D669 /* GateEditorVC.swift in Sources */,
				E4375B4E1AC6CCEC00A3D669 /* GatesTableViewController.swift in Sources */,
				E4E2E2521ADD051B006BD949 /* NoGatesVC.swift in Sources */,
			);
			runOnlyForDeploymentPostprocessing = 0;
		};
		E453B3AD1AC6862C00707BA8 /* Sources */ = {
			isa = PBXSourcesBuildPhase;
			buildActionMask = 2147483647;
			files = (
				E453B3B81AC6862C00707BA8 /* BabiTests.swift in Sources */,
			);
			runOnlyForDeploymentPostprocessing = 0;
		};
/* End PBXSourcesBuildPhase section */

/* Begin PBXTargetDependency section */
		E453B3B31AC6862C00707BA8 /* PBXTargetDependency */ = {
			isa = PBXTargetDependency;
			target = E453B3981AC6862C00707BA8 /* Babi */;
			targetProxy = E453B3B21AC6862C00707BA8 /* PBXContainerItemProxy */;
		};
/* End PBXTargetDependency section */

/* Begin PBXVariantGroup section */
		E453B3A51AC6862C00707BA8 /* Main.storyboard */ = {
			isa = PBXVariantGroup;
			children = (
				E453B3A61AC6862C00707BA8 /* Base */,
			);
			name = Main.storyboard;
			sourceTree = "<group>";
		};
		E453B3AA1AC6862C00707BA8 /* LaunchScreen.xib */ = {
			isa = PBXVariantGroup;
			children = (
				E453B3AB1AC6862C00707BA8 /* Base */,
			);
			name = LaunchScreen.xib;
			sourceTree = "<group>";
		};
/* End PBXVariantGroup section */

/* Begin XCBuildConfiguration section */
		E453B3B91AC6862C00707BA8 /* Debug */ = {
			isa = XCBuildConfiguration;
			buildSettings = {
				ALWAYS_SEARCH_USER_PATHS = NO;
				CLANG_CXX_LANGUAGE_STANDARD = "gnu++0x";
				CLANG_CXX_LIBRARY = "libc++";
				CLANG_ENABLE_MODULES = YES;
				CLANG_ENABLE_OBJC_ARC = YES;
				CLANG_WARN_BOOL_CONVERSION = YES;
				CLANG_WARN_CONSTANT_CONVERSION = YES;
				CLANG_WARN_DIRECT_OBJC_ISA_USAGE = YES_ERROR;
				CLANG_WARN_EMPTY_BODY = YES;
				CLANG_WARN_ENUM_CONVERSION = YES;
				CLANG_WARN_INFINITE_RECURSION = YES;
				CLANG_WARN_INT_CONVERSION = YES;
				CLANG_WARN_OBJC_ROOT_CLASS = YES_ERROR;
				CLANG_WARN_SUSPICIOUS_MOVE = YES;
				CLANG_WARN_UNREACHABLE_CODE = YES;
				CLANG_WARN__DUPLICATE_METHOD_MATCH = YES;
				"CODE_SIGN_IDENTITY[sdk=iphoneos*]" = "iPhone Developer";
				COPY_PHASE_STRIP = NO;
				ENABLE_STRICT_OBJC_MSGSEND = YES;
				ENABLE_TESTABILITY = YES;
				GCC_C_LANGUAGE_STANDARD = gnu99;
				GCC_DYNAMIC_NO_PIC = NO;
				GCC_NO_COMMON_BLOCKS = YES;
				GCC_OPTIMIZATION_LEVEL = 0;
				GCC_PREPROCESSOR_DEFINITIONS = (
					"DEBUG=1",
					"$(inherited)",
				);
				GCC_SYMBOLS_PRIVATE_EXTERN = NO;
				GCC_WARN_64_TO_32_BIT_CONVERSION = YES;
				GCC_WARN_ABOUT_RETURN_TYPE = YES_ERROR;
				GCC_WARN_UNDECLARED_SELECTOR = YES;
				GCC_WARN_UNINITIALIZED_AUTOS = YES_AGGRESSIVE;
				GCC_WARN_UNUSED_FUNCTION = YES;
				GCC_WARN_UNUSED_VARIABLE = YES;
				IPHONEOS_DEPLOYMENT_TARGET = 8.2;
				MTL_ENABLE_DEBUG_INFO = YES;
				ONLY_ACTIVE_ARCH = YES;
				SDKROOT = iphoneos;
				SWIFT_OPTIMIZATION_LEVEL = "-Onone";
			};
			name = Debug;
		};
		E453B3BA1AC6862C00707BA8 /* Release */ = {
			isa = XCBuildConfiguration;
			buildSettings = {
				ALWAYS_SEARCH_USER_PATHS = NO;
				CLANG_CXX_LANGUAGE_STANDARD = "gnu++0x";
				CLANG_CXX_LIBRARY = "libc++";
				CLANG_ENABLE_MODULES = YES;
				CLANG_ENABLE_OBJC_ARC = YES;
				CLANG_WARN_BOOL_CONVERSION = YES;
				CLANG_WARN_CONSTANT_CONVERSION = YES;
				CLANG_WARN_DIRECT_OBJC_ISA_USAGE = YES_ERROR;
				CLANG_WARN_EMPTY_BODY = YES;
				CLANG_WARN_ENUM_CONVERSION = YES;
				CLANG_WARN_INFINITE_RECURSION = YES;
				CLANG_WARN_INT_CONVERSION = YES;
				CLANG_WARN_OBJC_ROOT_CLASS = YES_ERROR;
				CLANG_WARN_SUSPICIOUS_MOVE = YES;
				CLANG_WARN_UNREACHABLE_CODE = YES;
				CLANG_WARN__DUPLICATE_METHOD_MATCH = YES;
				"CODE_SIGN_IDENTITY[sdk=iphoneos*]" = "iPhone Developer";
				COPY_PHASE_STRIP = NO;
				ENABLE_NS_ASSERTIONS = NO;
				ENABLE_STRICT_OBJC_MSGSEND = YES;
				GCC_C_LANGUAGE_STANDARD = gnu99;
				GCC_NO_COMMON_BLOCKS = YES;
				GCC_WARN_64_TO_32_BIT_CONVERSION = YES;
				GCC_WARN_ABOUT_RETURN_TYPE = YES_ERROR;
				GCC_WARN_UNDECLARED_SELECTOR = YES;
				GCC_WARN_UNINITIALIZED_AUTOS = YES_AGGRESSIVE;
				GCC_WARN_UNUSED_FUNCTION = YES;
				GCC_WARN_UNUSED_VARIABLE = YES;
				IPHONEOS_DEPLOYMENT_TARGET = 8.2;
				MTL_ENABLE_DEBUG_INFO = NO;
				SDKROOT = iphoneos;
				SWIFT_OPTIMIZATION_LEVEL = "-Owholemodule";
				VALIDATE_PRODUCT = YES;
			};
			name = Release;
		};
		E453B3BC1AC6862C00707BA8 /* Debug */ = {
			isa = XCBuildConfiguration;
			baseConfigurationReference = 4C5A861606F8B9B638665F83 /* Pods-Babi.debug.xcconfig */;
			buildSettings = {
				ASSETCATALOG_COMPILER_APPICON_NAME = AppIcon;
				CODE_SIGN_IDENTITY = "iPhone Developer";
				"CODE_SIGN_IDENTITY[sdk=iphoneos*]" = "iPhone Developer";
				INFOPLIST_FILE = Babi/Info.plist;
				IPHONEOS_DEPLOYMENT_TARGET = 8.1;
				LD_RUNPATH_SEARCH_PATHS = "$(inherited) @executable_path/Frameworks";
				PRODUCT_BUNDLE_IDENTIFIER = "com.gogalefree.$(PRODUCT_NAME:rfc1034identifier)";
				PRODUCT_NAME = "$(TARGET_NAME)";
				PROVISIONING_PROFILE = "";
				SWIFT_VERSION = 3.0;
			};
			name = Debug;
		};
		E453B3BD1AC6862C00707BA8 /* Release */ = {
			isa = XCBuildConfiguration;
			baseConfigurationReference = 2DC39A6516AEF42C96940C03 /* Pods-Babi.release.xcconfig */;
			buildSettings = {
				ASSETCATALOG_COMPILER_APPICON_NAME = AppIcon;
				CODE_SIGN_IDENTITY = "iPhone Developer";
				"CODE_SIGN_IDENTITY[sdk=iphoneos*]" = "iPhone Developer";
				INFOPLIST_FILE = Babi/Info.plist;
				IPHONEOS_DEPLOYMENT_TARGET = 8.1;
				LD_RUNPATH_SEARCH_PATHS = "$(inherited) @executable_path/Frameworks";
				PRODUCT_BUNDLE_IDENTIFIER = "com.gogalefree.$(PRODUCT_NAME:rfc1034identifier)";
				PRODUCT_NAME = "$(TARGET_NAME)";
				PROVISIONING_PROFILE = "";
				SWIFT_VERSION = 3.0;
			};
			name = Release;
		};
		E453B3BF1AC6862D00707BA8 /* Debug */ = {
			isa = XCBuildConfiguration;
			baseConfigurationReference = 120FAEE139B3FF8193AA815C /* Pods-BabiTests.debug.xcconfig */;
			buildSettings = {
				BUNDLE_LOADER = "$(TEST_HOST)";
				FRAMEWORK_SEARCH_PATHS = "";
				GCC_PREPROCESSOR_DEFINITIONS = (
					"DEBUG=1",
					"$(inherited)",
				);
				INFOPLIST_FILE = BabiTests/Info.plist;
				LD_RUNPATH_SEARCH_PATHS = "$(inherited) @executable_path/Frameworks @loader_path/Frameworks";
				PRODUCT_BUNDLE_IDENTIFIER = "com.gogalefree.$(PRODUCT_NAME:rfc1034identifier)";
				PRODUCT_NAME = "$(TARGET_NAME)";
				SWIFT_VERSION = 3.0;
				TEST_HOST = "$(BUILT_PRODUCTS_DIR)/Babi.app/Babi";
			};
			name = Debug;
		};
		E453B3C01AC6862D00707BA8 /* Release */ = {
			isa = XCBuildConfiguration;
			baseConfigurationReference = 2A8CE88AC2594E7530DC7836 /* Pods-BabiTests.release.xcconfig */;
			buildSettings = {
				BUNDLE_LOADER = "$(TEST_HOST)";
				FRAMEWORK_SEARCH_PATHS = "";
				INFOPLIST_FILE = BabiTests/Info.plist;
				LD_RUNPATH_SEARCH_PATHS = "$(inherited) @executable_path/Frameworks @loader_path/Frameworks";
				PRODUCT_BUNDLE_IDENTIFIER = "com.gogalefree.$(PRODUCT_NAME:rfc1034identifier)";
				PRODUCT_NAME = "$(TARGET_NAME)";
				SWIFT_VERSION = 3.0;
				TEST_HOST = "$(BUILT_PRODUCTS_DIR)/Babi.app/Babi";
			};
			name = Release;
		};
/* End XCBuildConfiguration section */

/* Begin XCConfigurationList section */
		E453B3941AC6862C00707BA8 /* Build configuration list for PBXProject "Babi" */ = {
			isa = XCConfigurationList;
			buildConfigurations = (
				E453B3B91AC6862C00707BA8 /* Debug */,
				E453B3BA1AC6862C00707BA8 /* Release */,
			);
			defaultConfigurationIsVisible = 0;
			defaultConfigurationName = Release;
		};
		E453B3BB1AC6862C00707BA8 /* Build configuration list for PBXNativeTarget "Babi" */ = {
			isa = XCConfigurationList;
			buildConfigurations = (
				E453B3BC1AC6862C00707BA8 /* Debug */,
				E453B3BD1AC6862C00707BA8 /* Release */,
			);
			defaultConfigurationIsVisible = 0;
			defaultConfigurationName = Release;
		};
		E453B3BE1AC6862D00707BA8 /* Build configuration list for PBXNativeTarget "BabiTests" */ = {
			isa = XCConfigurationList;
			buildConfigurations = (
				E453B3BF1AC6862D00707BA8 /* Debug */,
				E453B3C01AC6862D00707BA8 /* Release */,
			);
			defaultConfigurationIsVisible = 0;
			defaultConfigurationName = Release;
		};
/* End XCConfigurationList section */

/* Begin XCVersionGroup section */
		E453B3A01AC6862C00707BA8 /* Babi.xcdatamodeld */ = {
			isa = XCVersionGroup;
			children = (
				E453B3A11AC6862C00707BA8 /* Babi.xcdatamodel */,
			);
			currentVersion = E453B3A11AC6862C00707BA8 /* Babi.xcdatamodel */;
			path = Babi.xcdatamodeld;
			sourceTree = "<group>";
			versionGroupType = wrapper.xcdatamodel;
		};
/* End XCVersionGroup section */
	};
	rootObject = E453B3911AC6862C00707BA8 /* Project object */;
}
